// !$*UTF8*$!
{
	archiveVersion = 1;
	classes = {
	};
	objectVersion = 46;
	objects = {

/* Begin PBXBuildFile section */
		1C0BD7FB1C27F87800904BEE /* ZZCameraController.m in Sources */ = {isa = PBXBuildFile; fileRef = 1C0BD7D91C27F87800904BEE /* ZZCameraController.m */; };
		1C0BD7FC1C27F87800904BEE /* ZZCameraPickerViewController.m in Sources */ = {isa = PBXBuildFile; fileRef = 1C0BD7DB1C27F87800904BEE /* ZZCameraPickerViewController.m */; };
		1C0BD7FD1C27F87800904BEE /* ZZPhotoController.m in Sources */ = {isa = PBXBuildFile; fileRef = 1C0BD7DD1C27F87800904BEE /* ZZPhotoController.m */; };
		1C0BD7FE1C27F87800904BEE /* ZZPhotoListViewController.m in Sources */ = {isa = PBXBuildFile; fileRef = 1C0BD7DF1C27F87800904BEE /* ZZPhotoListViewController.m */; };
		1C0BD7FF1C27F87800904BEE /* ZZPhotoPickerViewController.m in Sources */ = {isa = PBXBuildFile; fileRef = 1C0BD7E11C27F87800904BEE /* ZZPhotoPickerViewController.m */; };
		1C0BD8001C27F87800904BEE /* ZZPhotoDatas.m in Sources */ = {isa = PBXBuildFile; fileRef = 1C0BD7E51C27F87800904BEE /* ZZPhotoDatas.m */; };
		1C0BD8011C27F87800904BEE /* camera_focus_pic.png in Resources */ = {isa = PBXBuildFile; fileRef = 1C0BD7E71C27F87800904BEE /* camera_focus_pic.png */; };
		1C0BD8021C27F87800904BEE /* change_camera_pic.png in Resources */ = {isa = PBXBuildFile; fileRef = 1C0BD7E81C27F87800904BEE /* change_camera_pic.png */; };
		1C0BD8031C27F87800904BEE /* flash_close_pic.png in Resources */ = {isa = PBXBuildFile; fileRef = 1C0BD7E91C27F87800904BEE /* flash_close_pic.png */; };
		1C0BD8041C27F87800904BEE /* flash_open_pic.png in Resources */ = {isa = PBXBuildFile; fileRef = 1C0BD7EA1C27F87800904BEE /* flash_open_pic.png */; };
		1C0BD8051C27F87800904BEE /* no_data.png in Resources */ = {isa = PBXBuildFile; fileRef = 1C0BD7EB1C27F87800904BEE /* no_data.png */; };
		1C0BD8061C27F87800904BEE /* remove_btn_pic.png in Resources */ = {isa = PBXBuildFile; fileRef = 1C0BD7EC1C27F87800904BEE /* remove_btn_pic.png */; };
		1C0BD8071C27F87800904BEE /* select_no.png in Resources */ = {isa = PBXBuildFile; fileRef = 1C0BD7ED1C27F87800904BEE /* select_no.png */; };
		1C0BD8081C27F87800904BEE /* select_yes.png in Resources */ = {isa = PBXBuildFile; fileRef = 1C0BD7EE1C27F87800904BEE /* select_yes.png */; };
		1C0BD8091C27F87800904BEE /* take_photo_pic.png in Resources */ = {isa = PBXBuildFile; fileRef = 1C0BD7EF1C27F87800904BEE /* take_photo_pic.png */; };
		1C0BD80A1C27F87800904BEE /* take_photo_pic@2x.png in Resources */ = {isa = PBXBuildFile; fileRef = 1C0BD7F01C27F87800904BEE /* take_photo_pic@2x.png */; };
		1C0BD80B1C27F87800904BEE /* zz_alumb_rightCell.png in Resources */ = {isa = PBXBuildFile; fileRef = 1C0BD7F11C27F87800904BEE /* zz_alumb_rightCell.png */; };
		1C0BD80C1C27F87800904BEE /* ZZCameraFocusView.m in Sources */ = {isa = PBXBuildFile; fileRef = 1C0BD7F41C27F87800904BEE /* ZZCameraFocusView.m */; };
		1C0BD80D1C27F87800904BEE /* ZZCameraPickerCell.m in Sources */ = {isa = PBXBuildFile; fileRef = 1C0BD7F61C27F87800904BEE /* ZZCameraPickerCell.m */; };
		1C0BD80E1C27F87800904BEE /* ZZPhotoListCell.m in Sources */ = {isa = PBXBuildFile; fileRef = 1C0BD7F81C27F87800904BEE /* ZZPhotoListCell.m */; };
		1C0BD80F1C27F87800904BEE /* ZZPhotoPickerCell.m in Sources */ = {isa = PBXBuildFile; fileRef = 1C0BD7FA1C27F87800904BEE /* ZZPhotoPickerCell.m */; };
		1C1587F11C311722001B0E9C /* ZZBrowerAnimate.m in Sources */ = {isa = PBXBuildFile; fileRef = 1C1587F01C311722001B0E9C /* ZZBrowerAnimate.m */; };
		1C1BC1EF1C34C69D00F547A1 /* ZZPageControl.m in Sources */ = {isa = PBXBuildFile; fileRef = 1C1BC1EE1C34C69D00F547A1 /* ZZPageControl.m */; };
		1C1BC1F11C34FDE700F547A1 /* trash_btn_pic.png in Resources */ = {isa = PBXBuildFile; fileRef = 1C1BC1F01C34FDE700F547A1 /* trash_btn_pic.png */; };
		1C289E5A1B54E53900011A87 /* MJRefreshAutoFooter.m in Sources */ = {isa = PBXBuildFile; fileRef = 1C289E301B54E53800011A87 /* MJRefreshAutoFooter.m */; };
		1C289E5B1B54E53900011A87 /* MJRefreshBackFooter.m in Sources */ = {isa = PBXBuildFile; fileRef = 1C289E321B54E53800011A87 /* MJRefreshBackFooter.m */; };
		1C289E5C1B54E53900011A87 /* MJRefreshComponent.m in Sources */ = {isa = PBXBuildFile; fileRef = 1C289E341B54E53800011A87 /* MJRefreshComponent.m */; };
		1C289E5D1B54E53900011A87 /* MJRefreshFooter.m in Sources */ = {isa = PBXBuildFile; fileRef = 1C289E361B54E53800011A87 /* MJRefreshFooter.m */; };
		1C289E5E1B54E53900011A87 /* MJRefreshHeader.m in Sources */ = {isa = PBXBuildFile; fileRef = 1C289E381B54E53800011A87 /* MJRefreshHeader.m */; };
		1C289E5F1B54E53900011A87 /* MJRefreshAutoGifFooter.m in Sources */ = {isa = PBXBuildFile; fileRef = 1C289E3D1B54E53900011A87 /* MJRefreshAutoGifFooter.m */; };
		1C289E601B54E53900011A87 /* MJRefreshAutoNormalFooter.m in Sources */ = {isa = PBXBuildFile; fileRef = 1C289E3F1B54E53900011A87 /* MJRefreshAutoNormalFooter.m */; };
		1C289E611B54E53900011A87 /* MJRefreshAutoStateFooter.m in Sources */ = {isa = PBXBuildFile; fileRef = 1C289E411B54E53900011A87 /* MJRefreshAutoStateFooter.m */; };
		1C289E621B54E53900011A87 /* MJRefreshBackGifFooter.m in Sources */ = {isa = PBXBuildFile; fileRef = 1C289E441B54E53900011A87 /* MJRefreshBackGifFooter.m */; };
		1C289E631B54E53900011A87 /* MJRefreshBackNormalFooter.m in Sources */ = {isa = PBXBuildFile; fileRef = 1C289E461B54E53900011A87 /* MJRefreshBackNormalFooter.m */; };
		1C289E641B54E53900011A87 /* MJRefreshBackStateFooter.m in Sources */ = {isa = PBXBuildFile; fileRef = 1C289E481B54E53900011A87 /* MJRefreshBackStateFooter.m */; };
		1C289E651B54E53900011A87 /* MJRefreshGifHeader.m in Sources */ = {isa = PBXBuildFile; fileRef = 1C289E4B1B54E53900011A87 /* MJRefreshGifHeader.m */; };
		1C289E661B54E53900011A87 /* MJRefreshNormalHeader.m in Sources */ = {isa = PBXBuildFile; fileRef = 1C289E4D1B54E53900011A87 /* MJRefreshNormalHeader.m */; };
		1C289E671B54E53900011A87 /* MJRefreshStateHeader.m in Sources */ = {isa = PBXBuildFile; fileRef = 1C289E4F1B54E53900011A87 /* MJRefreshStateHeader.m */; };
		1C289E681B54E53900011A87 /* MJRefresh.bundle in Resources */ = {isa = PBXBuildFile; fileRef = 1C289E501B54E53900011A87 /* MJRefresh.bundle */; };
		1C289E691B54E53900011A87 /* MJRefreshConst.m in Sources */ = {isa = PBXBuildFile; fileRef = 1C289E531B54E53900011A87 /* MJRefreshConst.m */; };
		1C289E6A1B54E53900011A87 /* UIScrollView+MJExtension.m in Sources */ = {isa = PBXBuildFile; fileRef = 1C289E551B54E53900011A87 /* UIScrollView+MJExtension.m */; };
		1C289E6B1B54E53900011A87 /* UIScrollView+MJRefresh.m in Sources */ = {isa = PBXBuildFile; fileRef = 1C289E571B54E53900011A87 /* UIScrollView+MJRefresh.m */; };
		1C289E6C1B54E53900011A87 /* UIView+MJExtension.m in Sources */ = {isa = PBXBuildFile; fileRef = 1C289E591B54E53900011A87 /* UIView+MJExtension.m */; };
		1CB603711C2A91AF00A7142D /* ZZBrowserPickerViewController.m in Sources */ = {isa = PBXBuildFile; fileRef = 1CB603701C2A91AF00A7142D /* ZZBrowserPickerViewController.m */; };
		1CB603741C2A921B00A7142D /* ZZBrowserPickerCell.m in Sources */ = {isa = PBXBuildFile; fileRef = 1CB603731C2A921B00A7142D /* ZZBrowserPickerCell.m */; };
		1CB6037A1C2A94D000A7142D /* scv1.jpg in Resources */ = {isa = PBXBuildFile; fileRef = 1CB603751C2A94D000A7142D /* scv1.jpg */; };
		1CB6037B1C2A94D000A7142D /* scv2.jpg in Resources */ = {isa = PBXBuildFile; fileRef = 1CB603761C2A94D000A7142D /* scv2.jpg */; };
		1CB6037C1C2A94D000A7142D /* scv3.jpg in Resources */ = {isa = PBXBuildFile; fileRef = 1CB603771C2A94D000A7142D /* scv3.jpg */; };
		1CB6037D1C2A94D000A7142D /* scv4.jpg in Resources */ = {isa = PBXBuildFile; fileRef = 1CB603781C2A94D000A7142D /* scv4.jpg */; };
		1CB6037E1C2A94D000A7142D /* scv5.jpg in Resources */ = {isa = PBXBuildFile; fileRef = 1CB603791C2A94D000A7142D /* scv5.jpg */; };
		EAE2215E1B257D620004B5F4 /* main.m in Sources */ = {isa = PBXBuildFile; fileRef = EAE2215D1B257D620004B5F4 /* main.m */; };
		EAE221691B257D620004B5F4 /* Images.xcassets in Resources */ = {isa = PBXBuildFile; fileRef = EAE221681B257D620004B5F4 /* Images.xcassets */; };
		EAE2216C1B257D620004B5F4 /* LaunchScreen.xib in Resources */ = {isa = PBXBuildFile; fileRef = EAE2216A1B257D620004B5F4 /* LaunchScreen.xib */; };
		EAE221781B257D620004B5F4 /* ZZFrameworkTests.m in Sources */ = {isa = PBXBuildFile; fileRef = EAE221771B257D620004B5F4 /* ZZFrameworkTests.m */; };
		EAE221831B257D900004B5F4 /* ZZAppDelegate.m in Sources */ = {isa = PBXBuildFile; fileRef = EAE221821B257D900004B5F4 /* ZZAppDelegate.m */; };
		EAE221861B257DF90004B5F4 /* ZZMainViewController.m in Sources */ = {isa = PBXBuildFile; fileRef = EAE221851B257DF90004B5F4 /* ZZMainViewController.m */; };
		EAE2218F1B25811F0004B5F4 /* ZZUIFactory.m in Sources */ = {isa = PBXBuildFile; fileRef = EAE2218E1B25811F0004B5F4 /* ZZUIFactory.m */; };
		EAE222361B2583C70004B5F4 /* ZZNetWorking.m in Sources */ = {isa = PBXBuildFile; fileRef = EAE222351B2583C70004B5F4 /* ZZNetWorking.m */; };
		EAE2224A1B25847B0004B5F4 /* AFNetworkActivityIndicatorManager.m in Sources */ = {isa = PBXBuildFile; fileRef = EAE2223A1B25847A0004B5F4 /* AFNetworkActivityIndicatorManager.m */; };
		EAE2224B1B25847B0004B5F4 /* UIActivityIndicatorView+AFNetworking.m in Sources */ = {isa = PBXBuildFile; fileRef = EAE2223C1B25847A0004B5F4 /* UIActivityIndicatorView+AFNetworking.m */; };
		EAE2224C1B25847B0004B5F4 /* UIAlertView+AFNetworking.m in Sources */ = {isa = PBXBuildFile; fileRef = EAE2223E1B25847A0004B5F4 /* UIAlertView+AFNetworking.m */; };
		EAE2224D1B25847B0004B5F4 /* UIButton+AFNetworking.m in Sources */ = {isa = PBXBuildFile; fileRef = EAE222401B25847A0004B5F4 /* UIButton+AFNetworking.m */; };
		EAE2224E1B25847B0004B5F4 /* UIImageView+AFNetworking.m in Sources */ = {isa = PBXBuildFile; fileRef = EAE222421B25847B0004B5F4 /* UIImageView+AFNetworking.m */; };
		EAE2224F1B25847B0004B5F4 /* UIProgressView+AFNetworking.m in Sources */ = {isa = PBXBuildFile; fileRef = EAE222451B25847B0004B5F4 /* UIProgressView+AFNetworking.m */; };
		EAE222501B25847B0004B5F4 /* UIRefreshControl+AFNetworking.m in Sources */ = {isa = PBXBuildFile; fileRef = EAE222471B25847B0004B5F4 /* UIRefreshControl+AFNetworking.m */; };
		EAE222511B25847B0004B5F4 /* UIWebView+AFNetworking.m in Sources */ = {isa = PBXBuildFile; fileRef = EAE222491B25847B0004B5F4 /* UIWebView+AFNetworking.m */; };
		EAE222661B25848B0004B5F4 /* AFHTTPRequestOperation.m in Sources */ = {isa = PBXBuildFile; fileRef = EAE222541B25848B0004B5F4 /* AFHTTPRequestOperation.m */; };
		EAE222671B25848B0004B5F4 /* AFHTTPRequestOperationManager.m in Sources */ = {isa = PBXBuildFile; fileRef = EAE222561B25848B0004B5F4 /* AFHTTPRequestOperationManager.m */; };
		EAE222681B25848B0004B5F4 /* AFHTTPSessionManager.m in Sources */ = {isa = PBXBuildFile; fileRef = EAE222581B25848B0004B5F4 /* AFHTTPSessionManager.m */; };
		EAE222691B25848B0004B5F4 /* AFNetworkReachabilityManager.m in Sources */ = {isa = PBXBuildFile; fileRef = EAE2225B1B25848B0004B5F4 /* AFNetworkReachabilityManager.m */; };
		EAE2226A1B25848B0004B5F4 /* AFSecurityPolicy.m in Sources */ = {isa = PBXBuildFile; fileRef = EAE2225D1B25848B0004B5F4 /* AFSecurityPolicy.m */; };
		EAE2226B1B25848B0004B5F4 /* AFURLConnectionOperation.m in Sources */ = {isa = PBXBuildFile; fileRef = EAE2225F1B25848B0004B5F4 /* AFURLConnectionOperation.m */; };
		EAE2226C1B25848B0004B5F4 /* AFURLRequestSerialization.m in Sources */ = {isa = PBXBuildFile; fileRef = EAE222611B25848B0004B5F4 /* AFURLRequestSerialization.m */; };
		EAE2226D1B25848B0004B5F4 /* AFURLResponseSerialization.m in Sources */ = {isa = PBXBuildFile; fileRef = EAE222631B25848B0004B5F4 /* AFURLResponseSerialization.m */; };
		EAE2226E1B25848B0004B5F4 /* AFURLSessionManager.m in Sources */ = {isa = PBXBuildFile; fileRef = EAE222651B25848B0004B5F4 /* AFURLSessionManager.m */; };
		EAE222711B25852E0004B5F4 /* UIImage+Custom.m in Sources */ = {isa = PBXBuildFile; fileRef = EAE222701B25852E0004B5F4 /* UIImage+Custom.m */; };
		EAE222741B2585430004B5F4 /* UIView+Rect.m in Sources */ = {isa = PBXBuildFile; fileRef = EAE222731B2585430004B5F4 /* UIView+Rect.m */; };
		EAE222771B2585BD0004B5F4 /* Reachability.m in Sources */ = {isa = PBXBuildFile; fileRef = EAE222761B2585BD0004B5F4 /* Reachability.m */; };
		EAE2229B1B25865D0004B5F4 /* MKAnnotationView+WebCache.m in Sources */ = {isa = PBXBuildFile; fileRef = EAE2227B1B25865D0004B5F4 /* MKAnnotationView+WebCache.m */; };
		EAE2229C1B25865D0004B5F4 /* NSData+ImageContentType.m in Sources */ = {isa = PBXBuildFile; fileRef = EAE2227D1B25865D0004B5F4 /* NSData+ImageContentType.m */; };
		EAE2229D1B25865D0004B5F4 /* SDImageCache.m in Sources */ = {isa = PBXBuildFile; fileRef = EAE2227F1B25865D0004B5F4 /* SDImageCache.m */; };
		EAE2229E1B25865D0004B5F4 /* SDWebImageCompat.m in Sources */ = {isa = PBXBuildFile; fileRef = EAE222811B25865D0004B5F4 /* SDWebImageCompat.m */; };
		EAE2229F1B25865D0004B5F4 /* SDWebImageDecoder.m in Sources */ = {isa = PBXBuildFile; fileRef = EAE222831B25865D0004B5F4 /* SDWebImageDecoder.m */; };
		EAE222A01B25865D0004B5F4 /* SDWebImageDownloader.m in Sources */ = {isa = PBXBuildFile; fileRef = EAE222851B25865D0004B5F4 /* SDWebImageDownloader.m */; };
		EAE222A11B25865D0004B5F4 /* SDWebImageDownloaderOperation.m in Sources */ = {isa = PBXBuildFile; fileRef = EAE222871B25865D0004B5F4 /* SDWebImageDownloaderOperation.m */; };
		EAE222A21B25865D0004B5F4 /* SDWebImageManager.m in Sources */ = {isa = PBXBuildFile; fileRef = EAE222891B25865D0004B5F4 /* SDWebImageManager.m */; };
		EAE222A31B25865D0004B5F4 /* SDWebImagePrefetcher.m in Sources */ = {isa = PBXBuildFile; fileRef = EAE2228C1B25865D0004B5F4 /* SDWebImagePrefetcher.m */; };
		EAE222A41B25865D0004B5F4 /* UIButton+WebCache.m in Sources */ = {isa = PBXBuildFile; fileRef = EAE2228E1B25865D0004B5F4 /* UIButton+WebCache.m */; };
		EAE222A51B25865D0004B5F4 /* UIImage+GIF.m in Sources */ = {isa = PBXBuildFile; fileRef = EAE222901B25865D0004B5F4 /* UIImage+GIF.m */; };
		EAE222A61B25865D0004B5F4 /* UIImage+MultiFormat.m in Sources */ = {isa = PBXBuildFile; fileRef = EAE222921B25865D0004B5F4 /* UIImage+MultiFormat.m */; };
		EAE222A71B25865D0004B5F4 /* UIImage+WebP.m in Sources */ = {isa = PBXBuildFile; fileRef = EAE222941B25865D0004B5F4 /* UIImage+WebP.m */; };
		EAE222A81B25865D0004B5F4 /* UIImageView+HighlightedWebCache.m in Sources */ = {isa = PBXBuildFile; fileRef = EAE222961B25865D0004B5F4 /* UIImageView+HighlightedWebCache.m */; };
		EAE222A91B25865D0004B5F4 /* UIImageView+WebCache.m in Sources */ = {isa = PBXBuildFile; fileRef = EAE222981B25865D0004B5F4 /* UIImageView+WebCache.m */; };
		EAE222AA1B25865D0004B5F4 /* UIView+WebCacheOperation.m in Sources */ = {isa = PBXBuildFile; fileRef = EAE2229A1B25865D0004B5F4 /* UIView+WebCacheOperation.m */; };
		EAE222CC1B2586920004B5F4 /* IQNSArray+Sort.m in Sources */ = {isa = PBXBuildFile; fileRef = EAE222AE1B2586920004B5F4 /* IQNSArray+Sort.m */; };
		EAE222CD1B2586920004B5F4 /* IQUIView+Hierarchy.m in Sources */ = {isa = PBXBuildFile; fileRef = EAE222B01B2586920004B5F4 /* IQUIView+Hierarchy.m */; };
		EAE222CE1B2586920004B5F4 /* IQUIWindow+Hierarchy.m in Sources */ = {isa = PBXBuildFile; fileRef = EAE222B21B2586920004B5F4 /* IQUIWindow+Hierarchy.m */; };
		EAE222CF1B2586920004B5F4 /* IQKeyboardManager.m in Sources */ = {isa = PBXBuildFile; fileRef = EAE222B71B2586920004B5F4 /* IQKeyboardManager.m */; };
		EAE222D01B2586920004B5F4 /* IQKeyboardReturnKeyHandler.m in Sources */ = {isa = PBXBuildFile; fileRef = EAE222B91B2586920004B5F4 /* IQKeyboardReturnKeyHandler.m */; };
		EAE222D11B2586920004B5F4 /* IQSegmentedNextPrevious.m in Sources */ = {isa = PBXBuildFile; fileRef = EAE222BC1B2586920004B5F4 /* IQSegmentedNextPrevious.m */; };
		EAE222D21B2586920004B5F4 /* IQTextView.m in Sources */ = {isa = PBXBuildFile; fileRef = EAE222BF1B2586920004B5F4 /* IQTextView.m */; };
		EAE222D31B2586920004B5F4 /* IQBarButtonItem.m in Sources */ = {isa = PBXBuildFile; fileRef = EAE222C21B2586920004B5F4 /* IQBarButtonItem.m */; };
		EAE222D41B2586920004B5F4 /* IQTitleBarButtonItem.m in Sources */ = {isa = PBXBuildFile; fileRef = EAE222C41B2586920004B5F4 /* IQTitleBarButtonItem.m */; };
		EAE222D51B2586920004B5F4 /* IQToolbar.m in Sources */ = {isa = PBXBuildFile; fileRef = EAE222C61B2586920004B5F4 /* IQToolbar.m */; };
		EAE222D61B2586920004B5F4 /* IQUIView+IQKeyboardToolbar.m in Sources */ = {isa = PBXBuildFile; fileRef = EAE222C81B2586920004B5F4 /* IQUIView+IQKeyboardToolbar.m */; };
		EAE222D71B2586920004B5F4 /* IQKeyboardManager.bundle in Resources */ = {isa = PBXBuildFile; fileRef = EAE222CB1B2586920004B5F4 /* IQKeyboardManager.bundle */; };
		EAE222DC1B2587240004B5F4 /* ZZDate.m in Sources */ = {isa = PBXBuildFile; fileRef = EAE222DB1B2587240004B5F4 /* ZZDate.m */; };
		EAE222DF1B2587990004B5F4 /* ZZLoadHtml.m in Sources */ = {isa = PBXBuildFile; fileRef = EAE222DE1B2587990004B5F4 /* ZZLoadHtml.m */; };
		EAE222E21B2587BD0004B5F4 /* ZZCache.m in Sources */ = {isa = PBXBuildFile; fileRef = EAE222E11B2587BD0004B5F4 /* ZZCache.m */; };
		EAE222E61B25891D0004B5F4 /* ZZLocation.m in Sources */ = {isa = PBXBuildFile; fileRef = EAE222E51B25891D0004B5F4 /* ZZLocation.m */; };
		EAE222E91B25895F0004B5F4 /* ZZDistance.m in Sources */ = {isa = PBXBuildFile; fileRef = EAE222E81B25895F0004B5F4 /* ZZDistance.m */; };
		EAE222EC1B258A070004B5F4 /* ZZNullManager.m in Sources */ = {isa = PBXBuildFile; fileRef = EAE222EB1B258A070004B5F4 /* ZZNullManager.m */; };
		EAE222F01B258B710004B5F4 /* Toast+UIView.m in Sources */ = {isa = PBXBuildFile; fileRef = EAE222EF1B258B710004B5F4 /* Toast+UIView.m */; };
		EAE222F31B258BD10004B5F4 /* MBProgressHUD.m in Sources */ = {isa = PBXBuildFile; fileRef = EAE222F21B258BD10004B5F4 /* MBProgressHUD.m */; };
		EAE222F71B258BE80004B5F4 /* iCarousel.m in Sources */ = {isa = PBXBuildFile; fileRef = EAE222F61B258BE80004B5F4 /* iCarousel.m */; };
		EAE222FA1B258C940004B5F4 /* ZZCustomHUD.m in Sources */ = {isa = PBXBuildFile; fileRef = EAE222F91B258C940004B5F4 /* ZZCustomHUD.m */; };
/* End PBXBuildFile section */

/* Begin PBXContainerItemProxy section */
		EAE221721B257D620004B5F4 /* PBXContainerItemProxy */ = {
			isa = PBXContainerItemProxy;
			containerPortal = EAE221501B257D620004B5F4 /* Project object */;
			proxyType = 1;
			remoteGlobalIDString = EAE221571B257D620004B5F4;
			remoteInfo = ZZFramework;
		};
/* End PBXContainerItemProxy section */

/* Begin PBXFileReference section */
		1C0BD7D81C27F87800904BEE /* ZZCameraController.h */ = {isa = PBXFileReference; fileEncoding = 4; lastKnownFileType = sourcecode.c.h; path = ZZCameraController.h; sourceTree = "<group>"; };
		1C0BD7D91C27F87800904BEE /* ZZCameraController.m */ = {isa = PBXFileReference; fileEncoding = 4; lastKnownFileType = sourcecode.c.objc; path = ZZCameraController.m; sourceTree = "<group>"; };
		1C0BD7DA1C27F87800904BEE /* ZZCameraPickerViewController.h */ = {isa = PBXFileReference; fileEncoding = 4; lastKnownFileType = sourcecode.c.h; path = ZZCameraPickerViewController.h; sourceTree = "<group>"; };
		1C0BD7DB1C27F87800904BEE /* ZZCameraPickerViewController.m */ = {isa = PBXFileReference; fileEncoding = 4; lastKnownFileType = sourcecode.c.objc; path = ZZCameraPickerViewController.m; sourceTree = "<group>"; };
		1C0BD7DC1C27F87800904BEE /* ZZPhotoController.h */ = {isa = PBXFileReference; fileEncoding = 4; lastKnownFileType = sourcecode.c.h; path = ZZPhotoController.h; sourceTree = "<group>"; };
		1C0BD7DD1C27F87800904BEE /* ZZPhotoController.m */ = {isa = PBXFileReference; fileEncoding = 4; lastKnownFileType = sourcecode.c.objc; path = ZZPhotoController.m; sourceTree = "<group>"; };
		1C0BD7DE1C27F87800904BEE /* ZZPhotoListViewController.h */ = {isa = PBXFileReference; fileEncoding = 4; lastKnownFileType = sourcecode.c.h; path = ZZPhotoListViewController.h; sourceTree = "<group>"; };
		1C0BD7DF1C27F87800904BEE /* ZZPhotoListViewController.m */ = {isa = PBXFileReference; fileEncoding = 4; lastKnownFileType = sourcecode.c.objc; path = ZZPhotoListViewController.m; sourceTree = "<group>"; };
		1C0BD7E01C27F87800904BEE /* ZZPhotoPickerViewController.h */ = {isa = PBXFileReference; fileEncoding = 4; lastKnownFileType = sourcecode.c.h; path = ZZPhotoPickerViewController.h; sourceTree = "<group>"; };
		1C0BD7E11C27F87800904BEE /* ZZPhotoPickerViewController.m */ = {isa = PBXFileReference; fileEncoding = 4; lastKnownFileType = sourcecode.c.objc; path = ZZPhotoPickerViewController.m; sourceTree = "<group>"; };
		1C0BD7E31C27F87800904BEE /* Common.h */ = {isa = PBXFileReference; fileEncoding = 4; lastKnownFileType = sourcecode.c.h; path = Common.h; sourceTree = "<group>"; };
		1C0BD7E41C27F87800904BEE /* ZZPhotoDatas.h */ = {isa = PBXFileReference; fileEncoding = 4; lastKnownFileType = sourcecode.c.h; path = ZZPhotoDatas.h; sourceTree = "<group>"; };
		1C0BD7E51C27F87800904BEE /* ZZPhotoDatas.m */ = {isa = PBXFileReference; fileEncoding = 4; lastKnownFileType = sourcecode.c.objc; path = ZZPhotoDatas.m; sourceTree = "<group>"; };
		1C0BD7E71C27F87800904BEE /* camera_focus_pic.png */ = {isa = PBXFileReference; lastKnownFileType = image.png; path = camera_focus_pic.png; sourceTree = "<group>"; };
		1C0BD7E81C27F87800904BEE /* change_camera_pic.png */ = {isa = PBXFileReference; lastKnownFileType = image.png; path = change_camera_pic.png; sourceTree = "<group>"; };
		1C0BD7E91C27F87800904BEE /* flash_close_pic.png */ = {isa = PBXFileReference; lastKnownFileType = image.png; path = flash_close_pic.png; sourceTree = "<group>"; };
		1C0BD7EA1C27F87800904BEE /* flash_open_pic.png */ = {isa = PBXFileReference; lastKnownFileType = image.png; path = flash_open_pic.png; sourceTree = "<group>"; };
		1C0BD7EB1C27F87800904BEE /* no_data.png */ = {isa = PBXFileReference; lastKnownFileType = image.png; path = no_data.png; sourceTree = "<group>"; };
		1C0BD7EC1C27F87800904BEE /* remove_btn_pic.png */ = {isa = PBXFileReference; lastKnownFileType = image.png; path = remove_btn_pic.png; sourceTree = "<group>"; };
		1C0BD7ED1C27F87800904BEE /* select_no.png */ = {isa = PBXFileReference; lastKnownFileType = image.png; path = select_no.png; sourceTree = "<group>"; };
		1C0BD7EE1C27F87800904BEE /* select_yes.png */ = {isa = PBXFileReference; lastKnownFileType = image.png; path = select_yes.png; sourceTree = "<group>"; };
		1C0BD7EF1C27F87800904BEE /* take_photo_pic.png */ = {isa = PBXFileReference; lastKnownFileType = image.png; path = take_photo_pic.png; sourceTree = "<group>"; };
		1C0BD7F01C27F87800904BEE /* take_photo_pic@2x.png */ = {isa = PBXFileReference; lastKnownFileType = image.png; path = "take_photo_pic@2x.png"; sourceTree = "<group>"; };
		1C0BD7F11C27F87800904BEE /* zz_alumb_rightCell.png */ = {isa = PBXFileReference; lastKnownFileType = image.png; path = zz_alumb_rightCell.png; sourceTree = "<group>"; };
		1C0BD7F31C27F87800904BEE /* ZZCameraFocusView.h */ = {isa = PBXFileReference; fileEncoding = 4; lastKnownFileType = sourcecode.c.h; path = ZZCameraFocusView.h; sourceTree = "<group>"; };
		1C0BD7F41C27F87800904BEE /* ZZCameraFocusView.m */ = {isa = PBXFileReference; fileEncoding = 4; lastKnownFileType = sourcecode.c.objc; path = ZZCameraFocusView.m; sourceTree = "<group>"; };
		1C0BD7F51C27F87800904BEE /* ZZCameraPickerCell.h */ = {isa = PBXFileReference; fileEncoding = 4; lastKnownFileType = sourcecode.c.h; path = ZZCameraPickerCell.h; sourceTree = "<group>"; };
		1C0BD7F61C27F87800904BEE /* ZZCameraPickerCell.m */ = {isa = PBXFileReference; fileEncoding = 4; lastKnownFileType = sourcecode.c.objc; path = ZZCameraPickerCell.m; sourceTree = "<group>"; };
		1C0BD7F71C27F87800904BEE /* ZZPhotoListCell.h */ = {isa = PBXFileReference; fileEncoding = 4; lastKnownFileType = sourcecode.c.h; path = ZZPhotoListCell.h; sourceTree = "<group>"; };
		1C0BD7F81C27F87800904BEE /* ZZPhotoListCell.m */ = {isa = PBXFileReference; fileEncoding = 4; lastKnownFileType = sourcecode.c.objc; path = ZZPhotoListCell.m; sourceTree = "<group>"; };
		1C0BD7F91C27F87800904BEE /* ZZPhotoPickerCell.h */ = {isa = PBXFileReference; fileEncoding = 4; lastKnownFileType = sourcecode.c.h; path = ZZPhotoPickerCell.h; sourceTree = "<group>"; };
		1C0BD7FA1C27F87800904BEE /* ZZPhotoPickerCell.m */ = {isa = PBXFileReference; fileEncoding = 4; lastKnownFileType = sourcecode.c.objc; path = ZZPhotoPickerCell.m; sourceTree = "<group>"; };
		1C1587EF1C311722001B0E9C /* ZZBrowerAnimate.h */ = {isa = PBXFileReference; fileEncoding = 4; lastKnownFileType = sourcecode.c.h; path = ZZBrowerAnimate.h; sourceTree = "<group>"; };
		1C1587F01C311722001B0E9C /* ZZBrowerAnimate.m */ = {isa = PBXFileReference; fileEncoding = 4; lastKnownFileType = sourcecode.c.objc; path = ZZBrowerAnimate.m; sourceTree = "<group>"; };
		1C1BC1ED1C34C69D00F547A1 /* ZZPageControl.h */ = {isa = PBXFileReference; fileEncoding = 4; lastKnownFileType = sourcecode.c.h; path = ZZPageControl.h; sourceTree = "<group>"; };
		1C1BC1EE1C34C69D00F547A1 /* ZZPageControl.m */ = {isa = PBXFileReference; fileEncoding = 4; lastKnownFileType = sourcecode.c.objc; path = ZZPageControl.m; sourceTree = "<group>"; };
		1C1BC1F01C34FDE700F547A1 /* trash_btn_pic.png */ = {isa = PBXFileReference; lastKnownFileType = image.png; path = trash_btn_pic.png; sourceTree = "<group>"; };
		1C1BC1F21C35096400F547A1 /* Intro.h */ = {isa = PBXFileReference; lastKnownFileType = sourcecode.c.h; path = Intro.h; sourceTree = "<group>"; };
		1C289E2F1B54E53800011A87 /* MJRefreshAutoFooter.h */ = {isa = PBXFileReference; fileEncoding = 4; lastKnownFileType = sourcecode.c.h; path = MJRefreshAutoFooter.h; sourceTree = "<group>"; };
		1C289E301B54E53800011A87 /* MJRefreshAutoFooter.m */ = {isa = PBXFileReference; fileEncoding = 4; lastKnownFileType = sourcecode.c.objc; path = MJRefreshAutoFooter.m; sourceTree = "<group>"; };
		1C289E311B54E53800011A87 /* MJRefreshBackFooter.h */ = {isa = PBXFileReference; fileEncoding = 4; lastKnownFileType = sourcecode.c.h; path = MJRefreshBackFooter.h; sourceTree = "<group>"; };
		1C289E321B54E53800011A87 /* MJRefreshBackFooter.m */ = {isa = PBXFileReference; fileEncoding = 4; lastKnownFileType = sourcecode.c.objc; path = MJRefreshBackFooter.m; sourceTree = "<group>"; };
		1C289E331B54E53800011A87 /* MJRefreshComponent.h */ = {isa = PBXFileReference; fileEncoding = 4; lastKnownFileType = sourcecode.c.h; path = MJRefreshComponent.h; sourceTree = "<group>"; };
		1C289E341B54E53800011A87 /* MJRefreshComponent.m */ = {isa = PBXFileReference; fileEncoding = 4; lastKnownFileType = sourcecode.c.objc; path = MJRefreshComponent.m; sourceTree = "<group>"; };
		1C289E351B54E53800011A87 /* MJRefreshFooter.h */ = {isa = PBXFileReference; fileEncoding = 4; lastKnownFileType = sourcecode.c.h; path = MJRefreshFooter.h; sourceTree = "<group>"; };
		1C289E361B54E53800011A87 /* MJRefreshFooter.m */ = {isa = PBXFileReference; fileEncoding = 4; lastKnownFileType = sourcecode.c.objc; path = MJRefreshFooter.m; sourceTree = "<group>"; };
		1C289E371B54E53800011A87 /* MJRefreshHeader.h */ = {isa = PBXFileReference; fileEncoding = 4; lastKnownFileType = sourcecode.c.h; path = MJRefreshHeader.h; sourceTree = "<group>"; };
		1C289E381B54E53800011A87 /* MJRefreshHeader.m */ = {isa = PBXFileReference; fileEncoding = 4; lastKnownFileType = sourcecode.c.objc; path = MJRefreshHeader.m; sourceTree = "<group>"; };
		1C289E3C1B54E53900011A87 /* MJRefreshAutoGifFooter.h */ = {isa = PBXFileReference; fileEncoding = 4; lastKnownFileType = sourcecode.c.h; path = MJRefreshAutoGifFooter.h; sourceTree = "<group>"; };
		1C289E3D1B54E53900011A87 /* MJRefreshAutoGifFooter.m */ = {isa = PBXFileReference; fileEncoding = 4; lastKnownFileType = sourcecode.c.objc; path = MJRefreshAutoGifFooter.m; sourceTree = "<group>"; };
		1C289E3E1B54E53900011A87 /* MJRefreshAutoNormalFooter.h */ = {isa = PBXFileReference; fileEncoding = 4; lastKnownFileType = sourcecode.c.h; path = MJRefreshAutoNormalFooter.h; sourceTree = "<group>"; };
		1C289E3F1B54E53900011A87 /* MJRefreshAutoNormalFooter.m */ = {isa = PBXFileReference; fileEncoding = 4; lastKnownFileType = sourcecode.c.objc; path = MJRefreshAutoNormalFooter.m; sourceTree = "<group>"; };
		1C289E401B54E53900011A87 /* MJRefreshAutoStateFooter.h */ = {isa = PBXFileReference; fileEncoding = 4; lastKnownFileType = sourcecode.c.h; path = MJRefreshAutoStateFooter.h; sourceTree = "<group>"; };
		1C289E411B54E53900011A87 /* MJRefreshAutoStateFooter.m */ = {isa = PBXFileReference; fileEncoding = 4; lastKnownFileType = sourcecode.c.objc; path = MJRefreshAutoStateFooter.m; sourceTree = "<group>"; };
		1C289E431B54E53900011A87 /* MJRefreshBackGifFooter.h */ = {isa = PBXFileReference; fileEncoding = 4; lastKnownFileType = sourcecode.c.h; path = MJRefreshBackGifFooter.h; sourceTree = "<group>"; };
		1C289E441B54E53900011A87 /* MJRefreshBackGifFooter.m */ = {isa = PBXFileReference; fileEncoding = 4; lastKnownFileType = sourcecode.c.objc; path = MJRefreshBackGifFooter.m; sourceTree = "<group>"; };
		1C289E451B54E53900011A87 /* MJRefreshBackNormalFooter.h */ = {isa = PBXFileReference; fileEncoding = 4; lastKnownFileType = sourcecode.c.h; path = MJRefreshBackNormalFooter.h; sourceTree = "<group>"; };
		1C289E461B54E53900011A87 /* MJRefreshBackNormalFooter.m */ = {isa = PBXFileReference; fileEncoding = 4; lastKnownFileType = sourcecode.c.objc; path = MJRefreshBackNormalFooter.m; sourceTree = "<group>"; };
		1C289E471B54E53900011A87 /* MJRefreshBackStateFooter.h */ = {isa = PBXFileReference; fileEncoding = 4; lastKnownFileType = sourcecode.c.h; path = MJRefreshBackStateFooter.h; sourceTree = "<group>"; };
		1C289E481B54E53900011A87 /* MJRefreshBackStateFooter.m */ = {isa = PBXFileReference; fileEncoding = 4; lastKnownFileType = sourcecode.c.objc; path = MJRefreshBackStateFooter.m; sourceTree = "<group>"; };
		1C289E4A1B54E53900011A87 /* MJRefreshGifHeader.h */ = {isa = PBXFileReference; fileEncoding = 4; lastKnownFileType = sourcecode.c.h; path = MJRefreshGifHeader.h; sourceTree = "<group>"; };
		1C289E4B1B54E53900011A87 /* MJRefreshGifHeader.m */ = {isa = PBXFileReference; fileEncoding = 4; lastKnownFileType = sourcecode.c.objc; path = MJRefreshGifHeader.m; sourceTree = "<group>"; };
		1C289E4C1B54E53900011A87 /* MJRefreshNormalHeader.h */ = {isa = PBXFileReference; fileEncoding = 4; lastKnownFileType = sourcecode.c.h; path = MJRefreshNormalHeader.h; sourceTree = "<group>"; };
		1C289E4D1B54E53900011A87 /* MJRefreshNormalHeader.m */ = {isa = PBXFileReference; fileEncoding = 4; lastKnownFileType = sourcecode.c.objc; path = MJRefreshNormalHeader.m; sourceTree = "<group>"; };
		1C289E4E1B54E53900011A87 /* MJRefreshStateHeader.h */ = {isa = PBXFileReference; fileEncoding = 4; lastKnownFileType = sourcecode.c.h; path = MJRefreshStateHeader.h; sourceTree = "<group>"; };
		1C289E4F1B54E53900011A87 /* MJRefreshStateHeader.m */ = {isa = PBXFileReference; fileEncoding = 4; lastKnownFileType = sourcecode.c.objc; path = MJRefreshStateHeader.m; sourceTree = "<group>"; };
		1C289E501B54E53900011A87 /* MJRefresh.bundle */ = {isa = PBXFileReference; lastKnownFileType = "wrapper.plug-in"; path = MJRefresh.bundle; sourceTree = "<group>"; };
		1C289E511B54E53900011A87 /* MJRefresh.h */ = {isa = PBXFileReference; fileEncoding = 4; lastKnownFileType = sourcecode.c.h; path = MJRefresh.h; sourceTree = "<group>"; };
		1C289E521B54E53900011A87 /* MJRefreshConst.h */ = {isa = PBXFileReference; fileEncoding = 4; lastKnownFileType = sourcecode.c.h; path = MJRefreshConst.h; sourceTree = "<group>"; };
		1C289E531B54E53900011A87 /* MJRefreshConst.m */ = {isa = PBXFileReference; fileEncoding = 4; lastKnownFileType = sourcecode.c.objc; path = MJRefreshConst.m; sourceTree = "<group>"; };
		1C289E541B54E53900011A87 /* UIScrollView+MJExtension.h */ = {isa = PBXFileReference; fileEncoding = 4; lastKnownFileType = sourcecode.c.h; path = "UIScrollView+MJExtension.h"; sourceTree = "<group>"; };
		1C289E551B54E53900011A87 /* UIScrollView+MJExtension.m */ = {isa = PBXFileReference; fileEncoding = 4; lastKnownFileType = sourcecode.c.objc; path = "UIScrollView+MJExtension.m"; sourceTree = "<group>"; };
		1C289E561B54E53900011A87 /* UIScrollView+MJRefresh.h */ = {isa = PBXFileReference; fileEncoding = 4; lastKnownFileType = sourcecode.c.h; path = "UIScrollView+MJRefresh.h"; sourceTree = "<group>"; };
		1C289E571B54E53900011A87 /* UIScrollView+MJRefresh.m */ = {isa = PBXFileReference; fileEncoding = 4; lastKnownFileType = sourcecode.c.objc; path = "UIScrollView+MJRefresh.m"; sourceTree = "<group>"; };
		1C289E581B54E53900011A87 /* UIView+MJExtension.h */ = {isa = PBXFileReference; fileEncoding = 4; lastKnownFileType = sourcecode.c.h; path = "UIView+MJExtension.h"; sourceTree = "<group>"; };
		1C289E591B54E53900011A87 /* UIView+MJExtension.m */ = {isa = PBXFileReference; fileEncoding = 4; lastKnownFileType = sourcecode.c.objc; path = "UIView+MJExtension.m"; sourceTree = "<group>"; };
		1CB6036F1C2A91AF00A7142D /* ZZBrowserPickerViewController.h */ = {isa = PBXFileReference; fileEncoding = 4; lastKnownFileType = sourcecode.c.h; path = ZZBrowserPickerViewController.h; sourceTree = "<group>"; };
		1CB603701C2A91AF00A7142D /* ZZBrowserPickerViewController.m */ = {isa = PBXFileReference; fileEncoding = 4; lastKnownFileType = sourcecode.c.objc; path = ZZBrowserPickerViewController.m; sourceTree = "<group>"; };
		1CB603721C2A921B00A7142D /* ZZBrowserPickerCell.h */ = {isa = PBXFileReference; fileEncoding = 4; lastKnownFileType = sourcecode.c.h; path = ZZBrowserPickerCell.h; sourceTree = "<group>"; };
		1CB603731C2A921B00A7142D /* ZZBrowserPickerCell.m */ = {isa = PBXFileReference; fileEncoding = 4; lastKnownFileType = sourcecode.c.objc; path = ZZBrowserPickerCell.m; sourceTree = "<group>"; };
		1CB603751C2A94D000A7142D /* scv1.jpg */ = {isa = PBXFileReference; lastKnownFileType = image.jpeg; path = scv1.jpg; sourceTree = "<group>"; };
		1CB603761C2A94D000A7142D /* scv2.jpg */ = {isa = PBXFileReference; lastKnownFileType = image.jpeg; path = scv2.jpg; sourceTree = "<group>"; };
		1CB603771C2A94D000A7142D /* scv3.jpg */ = {isa = PBXFileReference; lastKnownFileType = image.jpeg; path = scv3.jpg; sourceTree = "<group>"; };
		1CB603781C2A94D000A7142D /* scv4.jpg */ = {isa = PBXFileReference; lastKnownFileType = image.jpeg; path = scv4.jpg; sourceTree = "<group>"; };
		1CB603791C2A94D000A7142D /* scv5.jpg */ = {isa = PBXFileReference; lastKnownFileType = image.jpeg; path = scv5.jpg; sourceTree = "<group>"; };
		EAE221581B257D620004B5F4 /* ZZFramework.app */ = {isa = PBXFileReference; explicitFileType = wrapper.application; includeInIndex = 0; path = ZZFramework.app; sourceTree = BUILT_PRODUCTS_DIR; };
		EAE2215C1B257D620004B5F4 /* Info.plist */ = {isa = PBXFileReference; lastKnownFileType = text.plist.xml; path = Info.plist; sourceTree = "<group>"; };
		EAE2215D1B257D620004B5F4 /* main.m */ = {isa = PBXFileReference; lastKnownFileType = sourcecode.c.objc; path = main.m; sourceTree = "<group>"; };
		EAE221681B257D620004B5F4 /* Images.xcassets */ = {isa = PBXFileReference; lastKnownFileType = folder.assetcatalog; path = Images.xcassets; sourceTree = "<group>"; };
		EAE2216B1B257D620004B5F4 /* Base */ = {isa = PBXFileReference; lastKnownFileType = file.xib; name = Base; path = Base.lproj/LaunchScreen.xib; sourceTree = "<group>"; };
		EAE221711B257D620004B5F4 /* ZZFrameworkTests.xctest */ = {isa = PBXFileReference; explicitFileType = wrapper.cfbundle; includeInIndex = 0; path = ZZFrameworkTests.xctest; sourceTree = BUILT_PRODUCTS_DIR; };
		EAE221761B257D620004B5F4 /* Info.plist */ = {isa = PBXFileReference; lastKnownFileType = text.plist.xml; path = Info.plist; sourceTree = "<group>"; };
		EAE221771B257D620004B5F4 /* ZZFrameworkTests.m */ = {isa = PBXFileReference; lastKnownFileType = sourcecode.c.objc; path = ZZFrameworkTests.m; sourceTree = "<group>"; };
		EAE221811B257D900004B5F4 /* ZZAppDelegate.h */ = {isa = PBXFileReference; fileEncoding = 4; lastKnownFileType = sourcecode.c.h; path = ZZAppDelegate.h; sourceTree = "<group>"; };
		EAE221821B257D900004B5F4 /* ZZAppDelegate.m */ = {isa = PBXFileReference; fileEncoding = 4; lastKnownFileType = sourcecode.c.objc; path = ZZAppDelegate.m; sourceTree = "<group>"; };
		EAE221841B257DF90004B5F4 /* ZZMainViewController.h */ = {isa = PBXFileReference; fileEncoding = 4; lastKnownFileType = sourcecode.c.h; path = ZZMainViewController.h; sourceTree = "<group>"; };
		EAE221851B257DF90004B5F4 /* ZZMainViewController.m */ = {isa = PBXFileReference; fileEncoding = 4; lastKnownFileType = sourcecode.c.objc; path = ZZMainViewController.m; sourceTree = "<group>"; };
		EAE2218C1B2580380004B5F4 /* zzframework-Prefix.pch */ = {isa = PBXFileReference; lastKnownFileType = sourcecode.c.h; path = "zzframework-Prefix.pch"; sourceTree = "<group>"; };
		EAE2218D1B25811F0004B5F4 /* ZZUIFactory.h */ = {isa = PBXFileReference; fileEncoding = 4; lastKnownFileType = sourcecode.c.h; name = ZZUIFactory.h; path = ../ZZUIFactory.h; sourceTree = "<group>"; };
		EAE2218E1B25811F0004B5F4 /* ZZUIFactory.m */ = {isa = PBXFileReference; fileEncoding = 4; lastKnownFileType = sourcecode.c.objc; name = ZZUIFactory.m; path = ../ZZUIFactory.m; sourceTree = "<group>"; };
		EAE221901B2581840004B5F4 /* ZZDefine.h */ = {isa = PBXFileReference; lastKnownFileType = sourcecode.c.h; path = ZZDefine.h; sourceTree = "<group>"; };
		EAE221911B25820A0004B5F4 /* ZZImport.h */ = {isa = PBXFileReference; lastKnownFileType = sourcecode.c.h; path = ZZImport.h; sourceTree = "<group>"; };
		EAE222341B2583C70004B5F4 /* ZZNetWorking.h */ = {isa = PBXFileReference; fileEncoding = 4; lastKnownFileType = sourcecode.c.h; name = ZZNetWorking.h; path = ../ZZNetWorking.h; sourceTree = "<group>"; };
		EAE222351B2583C70004B5F4 /* ZZNetWorking.m */ = {isa = PBXFileReference; fileEncoding = 4; lastKnownFileType = sourcecode.c.objc; name = ZZNetWorking.m; path = ../ZZNetWorking.m; sourceTree = "<group>"; };
		EAE222391B25847A0004B5F4 /* AFNetworkActivityIndicatorManager.h */ = {isa = PBXFileReference; fileEncoding = 4; lastKnownFileType = sourcecode.c.h; path = AFNetworkActivityIndicatorManager.h; sourceTree = "<group>"; };
		EAE2223A1B25847A0004B5F4 /* AFNetworkActivityIndicatorManager.m */ = {isa = PBXFileReference; fileEncoding = 4; lastKnownFileType = sourcecode.c.objc; path = AFNetworkActivityIndicatorManager.m; sourceTree = "<group>"; };
		EAE2223B1B25847A0004B5F4 /* UIActivityIndicatorView+AFNetworking.h */ = {isa = PBXFileReference; fileEncoding = 4; lastKnownFileType = sourcecode.c.h; path = "UIActivityIndicatorView+AFNetworking.h"; sourceTree = "<group>"; };
		EAE2223C1B25847A0004B5F4 /* UIActivityIndicatorView+AFNetworking.m */ = {isa = PBXFileReference; fileEncoding = 4; lastKnownFileType = sourcecode.c.objc; path = "UIActivityIndicatorView+AFNetworking.m"; sourceTree = "<group>"; };
		EAE2223D1B25847A0004B5F4 /* UIAlertView+AFNetworking.h */ = {isa = PBXFileReference; fileEncoding = 4; lastKnownFileType = sourcecode.c.h; path = "UIAlertView+AFNetworking.h"; sourceTree = "<group>"; };
		EAE2223E1B25847A0004B5F4 /* UIAlertView+AFNetworking.m */ = {isa = PBXFileReference; fileEncoding = 4; lastKnownFileType = sourcecode.c.objc; path = "UIAlertView+AFNetworking.m"; sourceTree = "<group>"; };
		EAE2223F1B25847A0004B5F4 /* UIButton+AFNetworking.h */ = {isa = PBXFileReference; fileEncoding = 4; lastKnownFileType = sourcecode.c.h; path = "UIButton+AFNetworking.h"; sourceTree = "<group>"; };
		EAE222401B25847A0004B5F4 /* UIButton+AFNetworking.m */ = {isa = PBXFileReference; fileEncoding = 4; lastKnownFileType = sourcecode.c.objc; path = "UIButton+AFNetworking.m"; sourceTree = "<group>"; };
		EAE222411B25847B0004B5F4 /* UIImageView+AFNetworking.h */ = {isa = PBXFileReference; fileEncoding = 4; lastKnownFileType = sourcecode.c.h; path = "UIImageView+AFNetworking.h"; sourceTree = "<group>"; };
		EAE222421B25847B0004B5F4 /* UIImageView+AFNetworking.m */ = {isa = PBXFileReference; fileEncoding = 4; lastKnownFileType = sourcecode.c.objc; path = "UIImageView+AFNetworking.m"; sourceTree = "<group>"; };
		EAE222431B25847B0004B5F4 /* UIKit+AFNetworking.h */ = {isa = PBXFileReference; fileEncoding = 4; lastKnownFileType = sourcecode.c.h; path = "UIKit+AFNetworking.h"; sourceTree = "<group>"; };
		EAE222441B25847B0004B5F4 /* UIProgressView+AFNetworking.h */ = {isa = PBXFileReference; fileEncoding = 4; lastKnownFileType = sourcecode.c.h; path = "UIProgressView+AFNetworking.h"; sourceTree = "<group>"; };
		EAE222451B25847B0004B5F4 /* UIProgressView+AFNetworking.m */ = {isa = PBXFileReference; fileEncoding = 4; lastKnownFileType = sourcecode.c.objc; path = "UIProgressView+AFNetworking.m"; sourceTree = "<group>"; };
		EAE222461B25847B0004B5F4 /* UIRefreshControl+AFNetworking.h */ = {isa = PBXFileReference; fileEncoding = 4; lastKnownFileType = sourcecode.c.h; path = "UIRefreshControl+AFNetworking.h"; sourceTree = "<group>"; };
		EAE222471B25847B0004B5F4 /* UIRefreshControl+AFNetworking.m */ = {isa = PBXFileReference; fileEncoding = 4; lastKnownFileType = sourcecode.c.objc; path = "UIRefreshControl+AFNetworking.m"; sourceTree = "<group>"; };
		EAE222481B25847B0004B5F4 /* UIWebView+AFNetworking.h */ = {isa = PBXFileReference; fileEncoding = 4; lastKnownFileType = sourcecode.c.h; path = "UIWebView+AFNetworking.h"; sourceTree = "<group>"; };
		EAE222491B25847B0004B5F4 /* UIWebView+AFNetworking.m */ = {isa = PBXFileReference; fileEncoding = 4; lastKnownFileType = sourcecode.c.objc; path = "UIWebView+AFNetworking.m"; sourceTree = "<group>"; };
		EAE222531B25848B0004B5F4 /* AFHTTPRequestOperation.h */ = {isa = PBXFileReference; fileEncoding = 4; lastKnownFileType = sourcecode.c.h; path = AFHTTPRequestOperation.h; sourceTree = "<group>"; };
		EAE222541B25848B0004B5F4 /* AFHTTPRequestOperation.m */ = {isa = PBXFileReference; fileEncoding = 4; lastKnownFileType = sourcecode.c.objc; path = AFHTTPRequestOperation.m; sourceTree = "<group>"; };
		EAE222551B25848B0004B5F4 /* AFHTTPRequestOperationManager.h */ = {isa = PBXFileReference; fileEncoding = 4; lastKnownFileType = sourcecode.c.h; path = AFHTTPRequestOperationManager.h; sourceTree = "<group>"; };
		EAE222561B25848B0004B5F4 /* AFHTTPRequestOperationManager.m */ = {isa = PBXFileReference; fileEncoding = 4; lastKnownFileType = sourcecode.c.objc; path = AFHTTPRequestOperationManager.m; sourceTree = "<group>"; };
		EAE222571B25848B0004B5F4 /* AFHTTPSessionManager.h */ = {isa = PBXFileReference; fileEncoding = 4; lastKnownFileType = sourcecode.c.h; path = AFHTTPSessionManager.h; sourceTree = "<group>"; };
		EAE222581B25848B0004B5F4 /* AFHTTPSessionManager.m */ = {isa = PBXFileReference; fileEncoding = 4; lastKnownFileType = sourcecode.c.objc; path = AFHTTPSessionManager.m; sourceTree = "<group>"; };
		EAE222591B25848B0004B5F4 /* AFNetworking.h */ = {isa = PBXFileReference; fileEncoding = 4; lastKnownFileType = sourcecode.c.h; path = AFNetworking.h; sourceTree = "<group>"; };
		EAE2225A1B25848B0004B5F4 /* AFNetworkReachabilityManager.h */ = {isa = PBXFileReference; fileEncoding = 4; lastKnownFileType = sourcecode.c.h; path = AFNetworkReachabilityManager.h; sourceTree = "<group>"; };
		EAE2225B1B25848B0004B5F4 /* AFNetworkReachabilityManager.m */ = {isa = PBXFileReference; fileEncoding = 4; lastKnownFileType = sourcecode.c.objc; path = AFNetworkReachabilityManager.m; sourceTree = "<group>"; };
		EAE2225C1B25848B0004B5F4 /* AFSecurityPolicy.h */ = {isa = PBXFileReference; fileEncoding = 4; lastKnownFileType = sourcecode.c.h; path = AFSecurityPolicy.h; sourceTree = "<group>"; };
		EAE2225D1B25848B0004B5F4 /* AFSecurityPolicy.m */ = {isa = PBXFileReference; fileEncoding = 4; lastKnownFileType = sourcecode.c.objc; path = AFSecurityPolicy.m; sourceTree = "<group>"; };
		EAE2225E1B25848B0004B5F4 /* AFURLConnectionOperation.h */ = {isa = PBXFileReference; fileEncoding = 4; lastKnownFileType = sourcecode.c.h; path = AFURLConnectionOperation.h; sourceTree = "<group>"; };
		EAE2225F1B25848B0004B5F4 /* AFURLConnectionOperation.m */ = {isa = PBXFileReference; fileEncoding = 4; lastKnownFileType = sourcecode.c.objc; path = AFURLConnectionOperation.m; sourceTree = "<group>"; };
		EAE222601B25848B0004B5F4 /* AFURLRequestSerialization.h */ = {isa = PBXFileReference; fileEncoding = 4; lastKnownFileType = sourcecode.c.h; path = AFURLRequestSerialization.h; sourceTree = "<group>"; };
		EAE222611B25848B0004B5F4 /* AFURLRequestSerialization.m */ = {isa = PBXFileReference; fileEncoding = 4; lastKnownFileType = sourcecode.c.objc; path = AFURLRequestSerialization.m; sourceTree = "<group>"; };
		EAE222621B25848B0004B5F4 /* AFURLResponseSerialization.h */ = {isa = PBXFileReference; fileEncoding = 4; lastKnownFileType = sourcecode.c.h; path = AFURLResponseSerialization.h; sourceTree = "<group>"; };
		EAE222631B25848B0004B5F4 /* AFURLResponseSerialization.m */ = {isa = PBXFileReference; fileEncoding = 4; lastKnownFileType = sourcecode.c.objc; path = AFURLResponseSerialization.m; sourceTree = "<group>"; };
		EAE222641B25848B0004B5F4 /* AFURLSessionManager.h */ = {isa = PBXFileReference; fileEncoding = 4; lastKnownFileType = sourcecode.c.h; path = AFURLSessionManager.h; sourceTree = "<group>"; };
		EAE222651B25848B0004B5F4 /* AFURLSessionManager.m */ = {isa = PBXFileReference; fileEncoding = 4; lastKnownFileType = sourcecode.c.objc; path = AFURLSessionManager.m; sourceTree = "<group>"; };
		EAE2226F1B25852E0004B5F4 /* UIImage+Custom.h */ = {isa = PBXFileReference; fileEncoding = 4; lastKnownFileType = sourcecode.c.h; path = "UIImage+Custom.h"; sourceTree = "<group>"; };
		EAE222701B25852E0004B5F4 /* UIImage+Custom.m */ = {isa = PBXFileReference; fileEncoding = 4; lastKnownFileType = sourcecode.c.objc; path = "UIImage+Custom.m"; sourceTree = "<group>"; };
		EAE222721B2585430004B5F4 /* UIView+Rect.h */ = {isa = PBXFileReference; fileEncoding = 4; lastKnownFileType = sourcecode.c.h; path = "UIView+Rect.h"; sourceTree = "<group>"; };
		EAE222731B2585430004B5F4 /* UIView+Rect.m */ = {isa = PBXFileReference; fileEncoding = 4; lastKnownFileType = sourcecode.c.objc; path = "UIView+Rect.m"; sourceTree = "<group>"; };
		EAE222751B2585BD0004B5F4 /* Reachability.h */ = {isa = PBXFileReference; fileEncoding = 4; lastKnownFileType = sourcecode.c.h; path = Reachability.h; sourceTree = "<group>"; };
		EAE222761B2585BD0004B5F4 /* Reachability.m */ = {isa = PBXFileReference; fileEncoding = 4; lastKnownFileType = sourcecode.c.objc; path = Reachability.m; sourceTree = "<group>"; };
		EAE2227A1B25865D0004B5F4 /* MKAnnotationView+WebCache.h */ = {isa = PBXFileReference; fileEncoding = 4; lastKnownFileType = sourcecode.c.h; path = "MKAnnotationView+WebCache.h"; sourceTree = "<group>"; };
		EAE2227B1B25865D0004B5F4 /* MKAnnotationView+WebCache.m */ = {isa = PBXFileReference; fileEncoding = 4; lastKnownFileType = sourcecode.c.objc; path = "MKAnnotationView+WebCache.m"; sourceTree = "<group>"; };
		EAE2227C1B25865D0004B5F4 /* NSData+ImageContentType.h */ = {isa = PBXFileReference; fileEncoding = 4; lastKnownFileType = sourcecode.c.h; path = "NSData+ImageContentType.h"; sourceTree = "<group>"; };
		EAE2227D1B25865D0004B5F4 /* NSData+ImageContentType.m */ = {isa = PBXFileReference; fileEncoding = 4; lastKnownFileType = sourcecode.c.objc; path = "NSData+ImageContentType.m"; sourceTree = "<group>"; };
		EAE2227E1B25865D0004B5F4 /* SDImageCache.h */ = {isa = PBXFileReference; fileEncoding = 4; lastKnownFileType = sourcecode.c.h; path = SDImageCache.h; sourceTree = "<group>"; };
		EAE2227F1B25865D0004B5F4 /* SDImageCache.m */ = {isa = PBXFileReference; fileEncoding = 4; lastKnownFileType = sourcecode.c.objc; path = SDImageCache.m; sourceTree = "<group>"; };
		EAE222801B25865D0004B5F4 /* SDWebImageCompat.h */ = {isa = PBXFileReference; fileEncoding = 4; lastKnownFileType = sourcecode.c.h; path = SDWebImageCompat.h; sourceTree = "<group>"; };
		EAE222811B25865D0004B5F4 /* SDWebImageCompat.m */ = {isa = PBXFileReference; fileEncoding = 4; lastKnownFileType = sourcecode.c.objc; path = SDWebImageCompat.m; sourceTree = "<group>"; };
		EAE222821B25865D0004B5F4 /* SDWebImageDecoder.h */ = {isa = PBXFileReference; fileEncoding = 4; lastKnownFileType = sourcecode.c.h; path = SDWebImageDecoder.h; sourceTree = "<group>"; };
		EAE222831B25865D0004B5F4 /* SDWebImageDecoder.m */ = {isa = PBXFileReference; fileEncoding = 4; lastKnownFileType = sourcecode.c.objc; path = SDWebImageDecoder.m; sourceTree = "<group>"; };
		EAE222841B25865D0004B5F4 /* SDWebImageDownloader.h */ = {isa = PBXFileReference; fileEncoding = 4; lastKnownFileType = sourcecode.c.h; path = SDWebImageDownloader.h; sourceTree = "<group>"; };
		EAE222851B25865D0004B5F4 /* SDWebImageDownloader.m */ = {isa = PBXFileReference; fileEncoding = 4; lastKnownFileType = sourcecode.c.objc; path = SDWebImageDownloader.m; sourceTree = "<group>"; };
		EAE222861B25865D0004B5F4 /* SDWebImageDownloaderOperation.h */ = {isa = PBXFileReference; fileEncoding = 4; lastKnownFileType = sourcecode.c.h; path = SDWebImageDownloaderOperation.h; sourceTree = "<group>"; };
		EAE222871B25865D0004B5F4 /* SDWebImageDownloaderOperation.m */ = {isa = PBXFileReference; fileEncoding = 4; lastKnownFileType = sourcecode.c.objc; path = SDWebImageDownloaderOperation.m; sourceTree = "<group>"; };
		EAE222881B25865D0004B5F4 /* SDWebImageManager.h */ = {isa = PBXFileReference; fileEncoding = 4; lastKnownFileType = sourcecode.c.h; path = SDWebImageManager.h; sourceTree = "<group>"; };
		EAE222891B25865D0004B5F4 /* SDWebImageManager.m */ = {isa = PBXFileReference; fileEncoding = 4; lastKnownFileType = sourcecode.c.objc; path = SDWebImageManager.m; sourceTree = "<group>"; };
		EAE2228A1B25865D0004B5F4 /* SDWebImageOperation.h */ = {isa = PBXFileReference; fileEncoding = 4; lastKnownFileType = sourcecode.c.h; path = SDWebImageOperation.h; sourceTree = "<group>"; };
		EAE2228B1B25865D0004B5F4 /* SDWebImagePrefetcher.h */ = {isa = PBXFileReference; fileEncoding = 4; lastKnownFileType = sourcecode.c.h; path = SDWebImagePrefetcher.h; sourceTree = "<group>"; };
		EAE2228C1B25865D0004B5F4 /* SDWebImagePrefetcher.m */ = {isa = PBXFileReference; fileEncoding = 4; lastKnownFileType = sourcecode.c.objc; path = SDWebImagePrefetcher.m; sourceTree = "<group>"; };
		EAE2228D1B25865D0004B5F4 /* UIButton+WebCache.h */ = {isa = PBXFileReference; fileEncoding = 4; lastKnownFileType = sourcecode.c.h; path = "UIButton+WebCache.h"; sourceTree = "<group>"; };
		EAE2228E1B25865D0004B5F4 /* UIButton+WebCache.m */ = {isa = PBXFileReference; fileEncoding = 4; lastKnownFileType = sourcecode.c.objc; path = "UIButton+WebCache.m"; sourceTree = "<group>"; };
		EAE2228F1B25865D0004B5F4 /* UIImage+GIF.h */ = {isa = PBXFileReference; fileEncoding = 4; lastKnownFileType = sourcecode.c.h; path = "UIImage+GIF.h"; sourceTree = "<group>"; };
		EAE222901B25865D0004B5F4 /* UIImage+GIF.m */ = {isa = PBXFileReference; fileEncoding = 4; lastKnownFileType = sourcecode.c.objc; path = "UIImage+GIF.m"; sourceTree = "<group>"; };
		EAE222911B25865D0004B5F4 /* UIImage+MultiFormat.h */ = {isa = PBXFileReference; fileEncoding = 4; lastKnownFileType = sourcecode.c.h; path = "UIImage+MultiFormat.h"; sourceTree = "<group>"; };
		EAE222921B25865D0004B5F4 /* UIImage+MultiFormat.m */ = {isa = PBXFileReference; fileEncoding = 4; lastKnownFileType = sourcecode.c.objc; path = "UIImage+MultiFormat.m"; sourceTree = "<group>"; };
		EAE222931B25865D0004B5F4 /* UIImage+WebP.h */ = {isa = PBXFileReference; fileEncoding = 4; lastKnownFileType = sourcecode.c.h; path = "UIImage+WebP.h"; sourceTree = "<group>"; };
		EAE222941B25865D0004B5F4 /* UIImage+WebP.m */ = {isa = PBXFileReference; fileEncoding = 4; lastKnownFileType = sourcecode.c.objc; path = "UIImage+WebP.m"; sourceTree = "<group>"; };
		EAE222951B25865D0004B5F4 /* UIImageView+HighlightedWebCache.h */ = {isa = PBXFileReference; fileEncoding = 4; lastKnownFileType = sourcecode.c.h; path = "UIImageView+HighlightedWebCache.h"; sourceTree = "<group>"; };
		EAE222961B25865D0004B5F4 /* UIImageView+HighlightedWebCache.m */ = {isa = PBXFileReference; fileEncoding = 4; lastKnownFileType = sourcecode.c.objc; path = "UIImageView+HighlightedWebCache.m"; sourceTree = "<group>"; };
		EAE222971B25865D0004B5F4 /* UIImageView+WebCache.h */ = {isa = PBXFileReference; fileEncoding = 4; lastKnownFileType = sourcecode.c.h; path = "UIImageView+WebCache.h"; sourceTree = "<group>"; };
		EAE222981B25865D0004B5F4 /* UIImageView+WebCache.m */ = {isa = PBXFileReference; fileEncoding = 4; lastKnownFileType = sourcecode.c.objc; path = "UIImageView+WebCache.m"; sourceTree = "<group>"; };
		EAE222991B25865D0004B5F4 /* UIView+WebCacheOperation.h */ = {isa = PBXFileReference; fileEncoding = 4; lastKnownFileType = sourcecode.c.h; path = "UIView+WebCacheOperation.h"; sourceTree = "<group>"; };
		EAE2229A1B25865D0004B5F4 /* UIView+WebCacheOperation.m */ = {isa = PBXFileReference; fileEncoding = 4; lastKnownFileType = sourcecode.c.objc; path = "UIView+WebCacheOperation.m"; sourceTree = "<group>"; };
		EAE222AD1B2586920004B5F4 /* IQNSArray+Sort.h */ = {isa = PBXFileReference; fileEncoding = 4; lastKnownFileType = sourcecode.c.h; path = "IQNSArray+Sort.h"; sourceTree = "<group>"; };
		EAE222AE1B2586920004B5F4 /* IQNSArray+Sort.m */ = {isa = PBXFileReference; fileEncoding = 4; lastKnownFileType = sourcecode.c.objc; path = "IQNSArray+Sort.m"; sourceTree = "<group>"; };
		EAE222AF1B2586920004B5F4 /* IQUIView+Hierarchy.h */ = {isa = PBXFileReference; fileEncoding = 4; lastKnownFileType = sourcecode.c.h; path = "IQUIView+Hierarchy.h"; sourceTree = "<group>"; };
		EAE222B01B2586920004B5F4 /* IQUIView+Hierarchy.m */ = {isa = PBXFileReference; fileEncoding = 4; lastKnownFileType = sourcecode.c.objc; path = "IQUIView+Hierarchy.m"; sourceTree = "<group>"; };
		EAE222B11B2586920004B5F4 /* IQUIWindow+Hierarchy.h */ = {isa = PBXFileReference; fileEncoding = 4; lastKnownFileType = sourcecode.c.h; path = "IQUIWindow+Hierarchy.h"; sourceTree = "<group>"; };
		EAE222B21B2586920004B5F4 /* IQUIWindow+Hierarchy.m */ = {isa = PBXFileReference; fileEncoding = 4; lastKnownFileType = sourcecode.c.objc; path = "IQUIWindow+Hierarchy.m"; sourceTree = "<group>"; };
		EAE222B41B2586920004B5F4 /* IQKeyboardManagerConstants.h */ = {isa = PBXFileReference; fileEncoding = 4; lastKnownFileType = sourcecode.c.h; path = IQKeyboardManagerConstants.h; sourceTree = "<group>"; };
		EAE222B51B2586920004B5F4 /* IQKeyboardManagerConstantsInternal.h */ = {isa = PBXFileReference; fileEncoding = 4; lastKnownFileType = sourcecode.c.h; path = IQKeyboardManagerConstantsInternal.h; sourceTree = "<group>"; };
		EAE222B61B2586920004B5F4 /* IQKeyboardManager.h */ = {isa = PBXFileReference; fileEncoding = 4; lastKnownFileType = sourcecode.c.h; path = IQKeyboardManager.h; sourceTree = "<group>"; };
		EAE222B71B2586920004B5F4 /* IQKeyboardManager.m */ = {isa = PBXFileReference; fileEncoding = 4; lastKnownFileType = sourcecode.c.objc; path = IQKeyboardManager.m; sourceTree = "<group>"; };
		EAE222B81B2586920004B5F4 /* IQKeyboardReturnKeyHandler.h */ = {isa = PBXFileReference; fileEncoding = 4; lastKnownFileType = sourcecode.c.h; path = IQKeyboardReturnKeyHandler.h; sourceTree = "<group>"; };
		EAE222B91B2586920004B5F4 /* IQKeyboardReturnKeyHandler.m */ = {isa = PBXFileReference; fileEncoding = 4; lastKnownFileType = sourcecode.c.objc; path = IQKeyboardReturnKeyHandler.m; sourceTree = "<group>"; };
		EAE222BB1B2586920004B5F4 /* IQSegmentedNextPrevious.h */ = {isa = PBXFileReference; fileEncoding = 4; lastKnownFileType = sourcecode.c.h; path = IQSegmentedNextPrevious.h; sourceTree = "<group>"; };
		EAE222BC1B2586920004B5F4 /* IQSegmentedNextPrevious.m */ = {isa = PBXFileReference; fileEncoding = 4; lastKnownFileType = sourcecode.c.objc; path = IQSegmentedNextPrevious.m; sourceTree = "<group>"; };
		EAE222BE1B2586920004B5F4 /* IQTextView.h */ = {isa = PBXFileReference; fileEncoding = 4; lastKnownFileType = sourcecode.c.h; path = IQTextView.h; sourceTree = "<group>"; };
		EAE222BF1B2586920004B5F4 /* IQTextView.m */ = {isa = PBXFileReference; fileEncoding = 4; lastKnownFileType = sourcecode.c.objc; path = IQTextView.m; sourceTree = "<group>"; };
		EAE222C11B2586920004B5F4 /* IQBarButtonItem.h */ = {isa = PBXFileReference; fileEncoding = 4; lastKnownFileType = sourcecode.c.h; path = IQBarButtonItem.h; sourceTree = "<group>"; };
		EAE222C21B2586920004B5F4 /* IQBarButtonItem.m */ = {isa = PBXFileReference; fileEncoding = 4; lastKnownFileType = sourcecode.c.objc; path = IQBarButtonItem.m; sourceTree = "<group>"; };
		EAE222C31B2586920004B5F4 /* IQTitleBarButtonItem.h */ = {isa = PBXFileReference; fileEncoding = 4; lastKnownFileType = sourcecode.c.h; path = IQTitleBarButtonItem.h; sourceTree = "<group>"; };
		EAE222C41B2586920004B5F4 /* IQTitleBarButtonItem.m */ = {isa = PBXFileReference; fileEncoding = 4; lastKnownFileType = sourcecode.c.objc; path = IQTitleBarButtonItem.m; sourceTree = "<group>"; };
		EAE222C51B2586920004B5F4 /* IQToolbar.h */ = {isa = PBXFileReference; fileEncoding = 4; lastKnownFileType = sourcecode.c.h; path = IQToolbar.h; sourceTree = "<group>"; };
		EAE222C61B2586920004B5F4 /* IQToolbar.m */ = {isa = PBXFileReference; fileEncoding = 4; lastKnownFileType = sourcecode.c.objc; path = IQToolbar.m; sourceTree = "<group>"; };
		EAE222C71B2586920004B5F4 /* IQUIView+IQKeyboardToolbar.h */ = {isa = PBXFileReference; fileEncoding = 4; lastKnownFileType = sourcecode.c.h; path = "IQUIView+IQKeyboardToolbar.h"; sourceTree = "<group>"; };
		EAE222C81B2586920004B5F4 /* IQUIView+IQKeyboardToolbar.m */ = {isa = PBXFileReference; fileEncoding = 4; lastKnownFileType = sourcecode.c.objc; path = "IQUIView+IQKeyboardToolbar.m"; sourceTree = "<group>"; };
		EAE222C91B2586920004B5F4 /* KeyboardManager.h */ = {isa = PBXFileReference; fileEncoding = 4; lastKnownFileType = sourcecode.c.h; path = KeyboardManager.h; sourceTree = "<group>"; };
		EAE222CB1B2586920004B5F4 /* IQKeyboardManager.bundle */ = {isa = PBXFileReference; lastKnownFileType = "wrapper.plug-in"; path = IQKeyboardManager.bundle; sourceTree = "<group>"; };
		EAE222DA1B2587240004B5F4 /* ZZDate.h */ = {isa = PBXFileReference; fileEncoding = 4; lastKnownFileType = sourcecode.c.h; path = ZZDate.h; sourceTree = "<group>"; };
		EAE222DB1B2587240004B5F4 /* ZZDate.m */ = {isa = PBXFileReference; fileEncoding = 4; lastKnownFileType = sourcecode.c.objc; path = ZZDate.m; sourceTree = "<group>"; };
		EAE222DD1B2587990004B5F4 /* ZZLoadHtml.h */ = {isa = PBXFileReference; fileEncoding = 4; lastKnownFileType = sourcecode.c.h; path = ZZLoadHtml.h; sourceTree = "<group>"; };
		EAE222DE1B2587990004B5F4 /* ZZLoadHtml.m */ = {isa = PBXFileReference; fileEncoding = 4; lastKnownFileType = sourcecode.c.objc; path = ZZLoadHtml.m; sourceTree = "<group>"; };
		EAE222E01B2587BD0004B5F4 /* ZZCache.h */ = {isa = PBXFileReference; fileEncoding = 4; lastKnownFileType = sourcecode.c.h; path = ZZCache.h; sourceTree = "<group>"; };
		EAE222E11B2587BD0004B5F4 /* ZZCache.m */ = {isa = PBXFileReference; fileEncoding = 4; lastKnownFileType = sourcecode.c.objc; path = ZZCache.m; sourceTree = "<group>"; };
		EAE222E41B25891D0004B5F4 /* ZZLocation.h */ = {isa = PBXFileReference; fileEncoding = 4; lastKnownFileType = sourcecode.c.h; path = ZZLocation.h; sourceTree = "<group>"; };
		EAE222E51B25891D0004B5F4 /* ZZLocation.m */ = {isa = PBXFileReference; fileEncoding = 4; lastKnownFileType = sourcecode.c.objc; path = ZZLocation.m; sourceTree = "<group>"; };
		EAE222E71B25895F0004B5F4 /* ZZDistance.h */ = {isa = PBXFileReference; fileEncoding = 4; lastKnownFileType = sourcecode.c.h; path = ZZDistance.h; sourceTree = "<group>"; };
		EAE222E81B25895F0004B5F4 /* ZZDistance.m */ = {isa = PBXFileReference; fileEncoding = 4; lastKnownFileType = sourcecode.c.objc; path = ZZDistance.m; sourceTree = "<group>"; };
		EAE222EA1B258A070004B5F4 /* ZZNullManager.h */ = {isa = PBXFileReference; fileEncoding = 4; lastKnownFileType = sourcecode.c.h; path = ZZNullManager.h; sourceTree = "<group>"; };
		EAE222EB1B258A070004B5F4 /* ZZNullManager.m */ = {isa = PBXFileReference; fileEncoding = 4; lastKnownFileType = sourcecode.c.objc; path = ZZNullManager.m; sourceTree = "<group>"; };
		EAE222EE1B258B710004B5F4 /* Toast+UIView.h */ = {isa = PBXFileReference; fileEncoding = 4; lastKnownFileType = sourcecode.c.h; path = "Toast+UIView.h"; sourceTree = "<group>"; };
		EAE222EF1B258B710004B5F4 /* Toast+UIView.m */ = {isa = PBXFileReference; fileEncoding = 4; lastKnownFileType = sourcecode.c.objc; path = "Toast+UIView.m"; sourceTree = "<group>"; };
		EAE222F11B258BD10004B5F4 /* MBProgressHUD.h */ = {isa = PBXFileReference; fileEncoding = 4; lastKnownFileType = sourcecode.c.h; path = MBProgressHUD.h; sourceTree = "<group>"; };
		EAE222F21B258BD10004B5F4 /* MBProgressHUD.m */ = {isa = PBXFileReference; fileEncoding = 4; lastKnownFileType = sourcecode.c.objc; path = MBProgressHUD.m; sourceTree = "<group>"; };
		EAE222F51B258BE80004B5F4 /* iCarousel.h */ = {isa = PBXFileReference; fileEncoding = 4; lastKnownFileType = sourcecode.c.h; path = iCarousel.h; sourceTree = "<group>"; };
		EAE222F61B258BE80004B5F4 /* iCarousel.m */ = {isa = PBXFileReference; fileEncoding = 4; lastKnownFileType = sourcecode.c.objc; path = iCarousel.m; sourceTree = "<group>"; };
		EAE222F81B258C940004B5F4 /* ZZCustomHUD.h */ = {isa = PBXFileReference; fileEncoding = 4; lastKnownFileType = sourcecode.c.h; path = ZZCustomHUD.h; sourceTree = "<group>"; };
		EAE222F91B258C940004B5F4 /* ZZCustomHUD.m */ = {isa = PBXFileReference; fileEncoding = 4; lastKnownFileType = sourcecode.c.objc; path = ZZCustomHUD.m; sourceTree = "<group>"; };
/* End PBXFileReference section */

/* Begin PBXFrameworksBuildPhase section */
		EAE221551B257D620004B5F4 /* Frameworks */ = {
			isa = PBXFrameworksBuildPhase;
			buildActionMask = 2147483647;
			files = (
			);
			runOnlyForDeploymentPostprocessing = 0;
		};
		EAE2216E1B257D620004B5F4 /* Frameworks */ = {
			isa = PBXFrameworksBuildPhase;
			buildActionMask = 2147483647;
			files = (
			);
			runOnlyForDeploymentPostprocessing = 0;
		};
/* End PBXFrameworksBuildPhase section */

/* Begin PBXGroup section */
		1C0BD7D61C27F87800904BEE /* ZZPhotoRE */ = {
			isa = PBXGroup;
			children = (
				1C0BD7D71C27F87800904BEE /* Controller */,
				1C0BD7E21C27F87800904BEE /* Model */,
				1C0BD7E61C27F87800904BEE /* Resources */,
				1C0BD7F21C27F87800904BEE /* View */,
			);
			path = ZZPhotoRE;
			sourceTree = "<group>";
		};
		1C0BD7D71C27F87800904BEE /* Controller */ = {
			isa = PBXGroup;
			children = (
				1C0BD7D81C27F87800904BEE /* ZZCameraController.h */,
				1C0BD7D91C27F87800904BEE /* ZZCameraController.m */,
				1C0BD7DA1C27F87800904BEE /* ZZCameraPickerViewController.h */,
				1C0BD7DB1C27F87800904BEE /* ZZCameraPickerViewController.m */,
				1C0BD7DC1C27F87800904BEE /* ZZPhotoController.h */,
				1C0BD7DD1C27F87800904BEE /* ZZPhotoController.m */,
				1C0BD7DE1C27F87800904BEE /* ZZPhotoListViewController.h */,
				1C0BD7DF1C27F87800904BEE /* ZZPhotoListViewController.m */,
				1C0BD7E01C27F87800904BEE /* ZZPhotoPickerViewController.h */,
				1C0BD7E11C27F87800904BEE /* ZZPhotoPickerViewController.m */,
				1CB6036F1C2A91AF00A7142D /* ZZBrowserPickerViewController.h */,
				1CB603701C2A91AF00A7142D /* ZZBrowserPickerViewController.m */,
			);
			path = Controller;
			sourceTree = "<group>";
		};
		1C0BD7E21C27F87800904BEE /* Model */ = {
			isa = PBXGroup;
			children = (
				1C1BC1F21C35096400F547A1 /* Intro.h */,
				1C0BD7E31C27F87800904BEE /* Common.h */,
				1C0BD7E41C27F87800904BEE /* ZZPhotoDatas.h */,
				1C0BD7E51C27F87800904BEE /* ZZPhotoDatas.m */,
				1C1587EF1C311722001B0E9C /* ZZBrowerAnimate.h */,
				1C1587F01C311722001B0E9C /* ZZBrowerAnimate.m */,
			);
			path = Model;
			sourceTree = "<group>";
		};
		1C0BD7E61C27F87800904BEE /* Resources */ = {
			isa = PBXGroup;
			children = (
				1C1BC1F01C34FDE700F547A1 /* trash_btn_pic.png */,
				1C0BD7E71C27F87800904BEE /* camera_focus_pic.png */,
				1C0BD7E81C27F87800904BEE /* change_camera_pic.png */,
				1C0BD7E91C27F87800904BEE /* flash_close_pic.png */,
				1C0BD7EA1C27F87800904BEE /* flash_open_pic.png */,
				1C0BD7EB1C27F87800904BEE /* no_data.png */,
				1C0BD7EC1C27F87800904BEE /* remove_btn_pic.png */,
				1C0BD7ED1C27F87800904BEE /* select_no.png */,
				1C0BD7EE1C27F87800904BEE /* select_yes.png */,
				1C0BD7EF1C27F87800904BEE /* take_photo_pic.png */,
				1C0BD7F01C27F87800904BEE /* take_photo_pic@2x.png */,
				1C0BD7F11C27F87800904BEE /* zz_alumb_rightCell.png */,
			);
			path = Resources;
			sourceTree = "<group>";
		};
		1C0BD7F21C27F87800904BEE /* View */ = {
			isa = PBXGroup;
			children = (
				1C0BD7F31C27F87800904BEE /* ZZCameraFocusView.h */,
				1C0BD7F41C27F87800904BEE /* ZZCameraFocusView.m */,
				1C0BD7F51C27F87800904BEE /* ZZCameraPickerCell.h */,
				1C0BD7F61C27F87800904BEE /* ZZCameraPickerCell.m */,
				1C0BD7F71C27F87800904BEE /* ZZPhotoListCell.h */,
				1C0BD7F81C27F87800904BEE /* ZZPhotoListCell.m */,
				1C0BD7F91C27F87800904BEE /* ZZPhotoPickerCell.h */,
				1C0BD7FA1C27F87800904BEE /* ZZPhotoPickerCell.m */,
				1CB603721C2A921B00A7142D /* ZZBrowserPickerCell.h */,
				1CB603731C2A921B00A7142D /* ZZBrowserPickerCell.m */,
				1C1BC1ED1C34C69D00F547A1 /* ZZPageControl.h */,
				1C1BC1EE1C34C69D00F547A1 /* ZZPageControl.m */,
			);
			path = View;
			sourceTree = "<group>";
		};
		1C289E2D1B54E53800011A87 /* MJRefresh */ = {
			isa = PBXGroup;
			children = (
				1C289E2E1B54E53800011A87 /* Base */,
				1C289E391B54E53800011A87 /* Custom */,
				1C289E501B54E53900011A87 /* MJRefresh.bundle */,
				1C289E511B54E53900011A87 /* MJRefresh.h */,
				1C289E521B54E53900011A87 /* MJRefreshConst.h */,
				1C289E531B54E53900011A87 /* MJRefreshConst.m */,
				1C289E541B54E53900011A87 /* UIScrollView+MJExtension.h */,
				1C289E551B54E53900011A87 /* UIScrollView+MJExtension.m */,
				1C289E561B54E53900011A87 /* UIScrollView+MJRefresh.h */,
				1C289E571B54E53900011A87 /* UIScrollView+MJRefresh.m */,
				1C289E581B54E53900011A87 /* UIView+MJExtension.h */,
				1C289E591B54E53900011A87 /* UIView+MJExtension.m */,
			);
			path = MJRefresh;
			sourceTree = "<group>";
		};
		1C289E2E1B54E53800011A87 /* Base */ = {
			isa = PBXGroup;
			children = (
				1C289E2F1B54E53800011A87 /* MJRefreshAutoFooter.h */,
				1C289E301B54E53800011A87 /* MJRefreshAutoFooter.m */,
				1C289E311B54E53800011A87 /* MJRefreshBackFooter.h */,
				1C289E321B54E53800011A87 /* MJRefreshBackFooter.m */,
				1C289E331B54E53800011A87 /* MJRefreshComponent.h */,
				1C289E341B54E53800011A87 /* MJRefreshComponent.m */,
				1C289E351B54E53800011A87 /* MJRefreshFooter.h */,
				1C289E361B54E53800011A87 /* MJRefreshFooter.m */,
				1C289E371B54E53800011A87 /* MJRefreshHeader.h */,
				1C289E381B54E53800011A87 /* MJRefreshHeader.m */,
			);
			path = Base;
			sourceTree = "<group>";
		};
		1C289E391B54E53800011A87 /* Custom */ = {
			isa = PBXGroup;
			children = (
				1C289E3A1B54E53900011A87 /* Footer */,
				1C289E491B54E53900011A87 /* Header */,
			);
			path = Custom;
			sourceTree = "<group>";
		};
		1C289E3A1B54E53900011A87 /* Footer */ = {
			isa = PBXGroup;
			children = (
				1C289E3B1B54E53900011A87 /* Auto */,
				1C289E421B54E53900011A87 /* Back */,
			);
			path = Footer;
			sourceTree = "<group>";
		};
		1C289E3B1B54E53900011A87 /* Auto */ = {
			isa = PBXGroup;
			children = (
				1C289E3C1B54E53900011A87 /* MJRefreshAutoGifFooter.h */,
				1C289E3D1B54E53900011A87 /* MJRefreshAutoGifFooter.m */,
				1C289E3E1B54E53900011A87 /* MJRefreshAutoNormalFooter.h */,
				1C289E3F1B54E53900011A87 /* MJRefreshAutoNormalFooter.m */,
				1C289E401B54E53900011A87 /* MJRefreshAutoStateFooter.h */,
				1C289E411B54E53900011A87 /* MJRefreshAutoStateFooter.m */,
			);
			path = Auto;
			sourceTree = "<group>";
		};
		1C289E421B54E53900011A87 /* Back */ = {
			isa = PBXGroup;
			children = (
				1C289E431B54E53900011A87 /* MJRefreshBackGifFooter.h */,
				1C289E441B54E53900011A87 /* MJRefreshBackGifFooter.m */,
				1C289E451B54E53900011A87 /* MJRefreshBackNormalFooter.h */,
				1C289E461B54E53900011A87 /* MJRefreshBackNormalFooter.m */,
				1C289E471B54E53900011A87 /* MJRefreshBackStateFooter.h */,
				1C289E481B54E53900011A87 /* MJRefreshBackStateFooter.m */,
			);
			path = Back;
			sourceTree = "<group>";
		};
		1C289E491B54E53900011A87 /* Header */ = {
			isa = PBXGroup;
			children = (
				1C289E4A1B54E53900011A87 /* MJRefreshGifHeader.h */,
				1C289E4B1B54E53900011A87 /* MJRefreshGifHeader.m */,
				1C289E4C1B54E53900011A87 /* MJRefreshNormalHeader.h */,
				1C289E4D1B54E53900011A87 /* MJRefreshNormalHeader.m */,
				1C289E4E1B54E53900011A87 /* MJRefreshStateHeader.h */,
				1C289E4F1B54E53900011A87 /* MJRefreshStateHeader.m */,
			);
			path = Header;
			sourceTree = "<group>";
		};
		EAE2214F1B257D620004B5F4 = {
			isa = PBXGroup;
			children = (
				EAE2215A1B257D620004B5F4 /* ZZFramework */,
				EAE221741B257D620004B5F4 /* ZZFrameworkTests */,
				EAE221591B257D620004B5F4 /* Products */,
			);
			sourceTree = "<group>";
		};
		EAE221591B257D620004B5F4 /* Products */ = {
			isa = PBXGroup;
			children = (
				EAE221581B257D620004B5F4 /* ZZFramework.app */,
				EAE221711B257D620004B5F4 /* ZZFrameworkTests.xctest */,
			);
			name = Products;
			sourceTree = "<group>";
		};
		EAE2215A1B257D620004B5F4 /* ZZFramework */ = {
			isa = PBXGroup;
			children = (
				EAE221811B257D900004B5F4 /* ZZAppDelegate.h */,
				EAE221821B257D900004B5F4 /* ZZAppDelegate.m */,
				EAE221841B257DF90004B5F4 /* ZZMainViewController.h */,
				EAE221851B257DF90004B5F4 /* ZZMainViewController.m */,
				EAE221681B257D620004B5F4 /* Images.xcassets */,
				EAE2216A1B257D620004B5F4 /* LaunchScreen.xib */,
				1C0BD7D61C27F87800904BEE /* ZZPhotoRE */,
				EAE221871B257F970004B5F4 /* Tools */,
				EAE2218B1B25800F0004B5F4 /* Resources */,
				EAE2215B1B257D620004B5F4 /* Supporting Files */,
			);
			path = ZZFramework;
			sourceTree = "<group>";
		};
		EAE2215B1B257D620004B5F4 /* Supporting Files */ = {
			isa = PBXGroup;
			children = (
				EAE2215C1B257D620004B5F4 /* Info.plist */,
				EAE2215D1B257D620004B5F4 /* main.m */,
				EAE2218C1B2580380004B5F4 /* zzframework-Prefix.pch */,
			);
			name = "Supporting Files";
			sourceTree = "<group>";
		};
		EAE221741B257D620004B5F4 /* ZZFrameworkTests */ = {
			isa = PBXGroup;
			children = (
				EAE221771B257D620004B5F4 /* ZZFrameworkTests.m */,
				EAE221751B257D620004B5F4 /* Supporting Files */,
			);
			path = ZZFrameworkTests;
			sourceTree = "<group>";
		};
		EAE221751B257D620004B5F4 /* Supporting Files */ = {
			isa = PBXGroup;
			children = (
				EAE221761B257D620004B5F4 /* Info.plist */,
			);
			name = "Supporting Files";
			sourceTree = "<group>";
		};
		EAE221871B257F970004B5F4 /* Tools */ = {
			isa = PBXGroup;
			children = (
				1C289E2D1B54E53800011A87 /* MJRefresh */,
				EAE222D91B25870A0004B5F4 /* ZZPackage */,
				EAE222FB1B258D090004B5F4 /* ZZCustomButton */,
				EAE222ED1B258B3A0004B5F4 /* HUD */,
				EAE222781B2585CF0004B5F4 /* Common */,
				EAE222371B2584690004B5F4 /* AFNetWork */,
				EAE222791B25865D0004B5F4 /* SDWebImage */,
				EAE222AB1B2586920004B5F4 /* IQKeyBoardManager */,
				EAE222E31B2588DA0004B5F4 /* ZZLocation */,
				EAE222F41B258BE80004B5F4 /* iCarousel */,
			);
			path = Tools;
			sourceTree = "<group>";
		};
		EAE2218B1B25800F0004B5F4 /* Resources */ = {
			isa = PBXGroup;
			children = (
				1CB603751C2A94D000A7142D /* scv1.jpg */,
				1CB603761C2A94D000A7142D /* scv2.jpg */,
				1CB603771C2A94D000A7142D /* scv3.jpg */,
				1CB603781C2A94D000A7142D /* scv4.jpg */,
				1CB603791C2A94D000A7142D /* scv5.jpg */,
			);
			path = Resources;
			sourceTree = "<group>";
		};
		EAE222371B2584690004B5F4 /* AFNetWork */ = {
			isa = PBXGroup;
			children = (
				EAE222751B2585BD0004B5F4 /* Reachability.h */,
				EAE222761B2585BD0004B5F4 /* Reachability.m */,
				EAE222521B25848B0004B5F4 /* AFNetWorking */,
				EAE222381B25847A0004B5F4 /* UIKit+AFNetworking */,
			);
			path = AFNetWork;
			sourceTree = "<group>";
		};
		EAE222381B25847A0004B5F4 /* UIKit+AFNetworking */ = {
			isa = PBXGroup;
			children = (
				EAE222391B25847A0004B5F4 /* AFNetworkActivityIndicatorManager.h */,
				EAE2223A1B25847A0004B5F4 /* AFNetworkActivityIndicatorManager.m */,
				EAE2223B1B25847A0004B5F4 /* UIActivityIndicatorView+AFNetworking.h */,
				EAE2223C1B25847A0004B5F4 /* UIActivityIndicatorView+AFNetworking.m */,
				EAE2223D1B25847A0004B5F4 /* UIAlertView+AFNetworking.h */,
				EAE2223E1B25847A0004B5F4 /* UIAlertView+AFNetworking.m */,
				EAE2223F1B25847A0004B5F4 /* UIButton+AFNetworking.h */,
				EAE222401B25847A0004B5F4 /* UIButton+AFNetworking.m */,
				EAE222411B25847B0004B5F4 /* UIImageView+AFNetworking.h */,
				EAE222421B25847B0004B5F4 /* UIImageView+AFNetworking.m */,
				EAE222431B25847B0004B5F4 /* UIKit+AFNetworking.h */,
				EAE222441B25847B0004B5F4 /* UIProgressView+AFNetworking.h */,
				EAE222451B25847B0004B5F4 /* UIProgressView+AFNetworking.m */,
				EAE222461B25847B0004B5F4 /* UIRefreshControl+AFNetworking.h */,
				EAE222471B25847B0004B5F4 /* UIRefreshControl+AFNetworking.m */,
				EAE222481B25847B0004B5F4 /* UIWebView+AFNetworking.h */,
				EAE222491B25847B0004B5F4 /* UIWebView+AFNetworking.m */,
			);
			path = "UIKit+AFNetworking";
			sourceTree = "<group>";
		};
		EAE222521B25848B0004B5F4 /* AFNetWorking */ = {
			isa = PBXGroup;
			children = (
				EAE222531B25848B0004B5F4 /* AFHTTPRequestOperation.h */,
				EAE222541B25848B0004B5F4 /* AFHTTPRequestOperation.m */,
				EAE222551B25848B0004B5F4 /* AFHTTPRequestOperationManager.h */,
				EAE222561B25848B0004B5F4 /* AFHTTPRequestOperationManager.m */,
				EAE222571B25848B0004B5F4 /* AFHTTPSessionManager.h */,
				EAE222581B25848B0004B5F4 /* AFHTTPSessionManager.m */,
				EAE222591B25848B0004B5F4 /* AFNetworking.h */,
				EAE2225A1B25848B0004B5F4 /* AFNetworkReachabilityManager.h */,
				EAE2225B1B25848B0004B5F4 /* AFNetworkReachabilityManager.m */,
				EAE2225C1B25848B0004B5F4 /* AFSecurityPolicy.h */,
				EAE2225D1B25848B0004B5F4 /* AFSecurityPolicy.m */,
				EAE2225E1B25848B0004B5F4 /* AFURLConnectionOperation.h */,
				EAE2225F1B25848B0004B5F4 /* AFURLConnectionOperation.m */,
				EAE222601B25848B0004B5F4 /* AFURLRequestSerialization.h */,
				EAE222611B25848B0004B5F4 /* AFURLRequestSerialization.m */,
				EAE222621B25848B0004B5F4 /* AFURLResponseSerialization.h */,
				EAE222631B25848B0004B5F4 /* AFURLResponseSerialization.m */,
				EAE222641B25848B0004B5F4 /* AFURLSessionManager.h */,
				EAE222651B25848B0004B5F4 /* AFURLSessionManager.m */,
			);
			path = AFNetWorking;
			sourceTree = "<group>";
		};
		EAE222781B2585CF0004B5F4 /* Common */ = {
			isa = PBXGroup;
			children = (
				EAE221901B2581840004B5F4 /* ZZDefine.h */,
				EAE221911B25820A0004B5F4 /* ZZImport.h */,
				EAE222721B2585430004B5F4 /* UIView+Rect.h */,
				EAE222731B2585430004B5F4 /* UIView+Rect.m */,
				EAE2226F1B25852E0004B5F4 /* UIImage+Custom.h */,
				EAE222701B25852E0004B5F4 /* UIImage+Custom.m */,
			);
			name = Common;
			sourceTree = "<group>";
		};
		EAE222791B25865D0004B5F4 /* SDWebImage */ = {
			isa = PBXGroup;
			children = (
				EAE2227A1B25865D0004B5F4 /* MKAnnotationView+WebCache.h */,
				EAE2227B1B25865D0004B5F4 /* MKAnnotationView+WebCache.m */,
				EAE2227C1B25865D0004B5F4 /* NSData+ImageContentType.h */,
				EAE2227D1B25865D0004B5F4 /* NSData+ImageContentType.m */,
				EAE2227E1B25865D0004B5F4 /* SDImageCache.h */,
				EAE2227F1B25865D0004B5F4 /* SDImageCache.m */,
				EAE222801B25865D0004B5F4 /* SDWebImageCompat.h */,
				EAE222811B25865D0004B5F4 /* SDWebImageCompat.m */,
				EAE222821B25865D0004B5F4 /* SDWebImageDecoder.h */,
				EAE222831B25865D0004B5F4 /* SDWebImageDecoder.m */,
				EAE222841B25865D0004B5F4 /* SDWebImageDownloader.h */,
				EAE222851B25865D0004B5F4 /* SDWebImageDownloader.m */,
				EAE222861B25865D0004B5F4 /* SDWebImageDownloaderOperation.h */,
				EAE222871B25865D0004B5F4 /* SDWebImageDownloaderOperation.m */,
				EAE222881B25865D0004B5F4 /* SDWebImageManager.h */,
				EAE222891B25865D0004B5F4 /* SDWebImageManager.m */,
				EAE2228A1B25865D0004B5F4 /* SDWebImageOperation.h */,
				EAE2228B1B25865D0004B5F4 /* SDWebImagePrefetcher.h */,
				EAE2228C1B25865D0004B5F4 /* SDWebImagePrefetcher.m */,
				EAE2228D1B25865D0004B5F4 /* UIButton+WebCache.h */,
				EAE2228E1B25865D0004B5F4 /* UIButton+WebCache.m */,
				EAE2228F1B25865D0004B5F4 /* UIImage+GIF.h */,
				EAE222901B25865D0004B5F4 /* UIImage+GIF.m */,
				EAE222911B25865D0004B5F4 /* UIImage+MultiFormat.h */,
				EAE222921B25865D0004B5F4 /* UIImage+MultiFormat.m */,
				EAE222931B25865D0004B5F4 /* UIImage+WebP.h */,
				EAE222941B25865D0004B5F4 /* UIImage+WebP.m */,
				EAE222951B25865D0004B5F4 /* UIImageView+HighlightedWebCache.h */,
				EAE222961B25865D0004B5F4 /* UIImageView+HighlightedWebCache.m */,
				EAE222971B25865D0004B5F4 /* UIImageView+WebCache.h */,
				EAE222981B25865D0004B5F4 /* UIImageView+WebCache.m */,
				EAE222991B25865D0004B5F4 /* UIView+WebCacheOperation.h */,
				EAE2229A1B25865D0004B5F4 /* UIView+WebCacheOperation.m */,
			);
			path = SDWebImage;
			sourceTree = "<group>";
		};
		EAE222AB1B2586920004B5F4 /* IQKeyBoardManager */ = {
			isa = PBXGroup;
			children = (
				EAE222AC1B2586920004B5F4 /* Categories */,
				EAE222B31B2586920004B5F4 /* Constants */,
				EAE222B61B2586920004B5F4 /* IQKeyboardManager.h */,
				EAE222B71B2586920004B5F4 /* IQKeyboardManager.m */,
				EAE222B81B2586920004B5F4 /* IQKeyboardReturnKeyHandler.h */,
				EAE222B91B2586920004B5F4 /* IQKeyboardReturnKeyHandler.m */,
				EAE222BA1B2586920004B5F4 /* IQSegmentedNextPrevious */,
				EAE222BD1B2586920004B5F4 /* IQTextView */,
				EAE222C01B2586920004B5F4 /* IQToolbar */,
				EAE222C91B2586920004B5F4 /* KeyboardManager.h */,
				EAE222CA1B2586920004B5F4 /* Resources */,
			);
			path = IQKeyBoardManager;
			sourceTree = "<group>";
		};
		EAE222AC1B2586920004B5F4 /* Categories */ = {
			isa = PBXGroup;
			children = (
				EAE222AD1B2586920004B5F4 /* IQNSArray+Sort.h */,
				EAE222AE1B2586920004B5F4 /* IQNSArray+Sort.m */,
				EAE222AF1B2586920004B5F4 /* IQUIView+Hierarchy.h */,
				EAE222B01B2586920004B5F4 /* IQUIView+Hierarchy.m */,
				EAE222B11B2586920004B5F4 /* IQUIWindow+Hierarchy.h */,
				EAE222B21B2586920004B5F4 /* IQUIWindow+Hierarchy.m */,
			);
			path = Categories;
			sourceTree = "<group>";
		};
		EAE222B31B2586920004B5F4 /* Constants */ = {
			isa = PBXGroup;
			children = (
				EAE222B41B2586920004B5F4 /* IQKeyboardManagerConstants.h */,
				EAE222B51B2586920004B5F4 /* IQKeyboardManagerConstantsInternal.h */,
			);
			path = Constants;
			sourceTree = "<group>";
		};
		EAE222BA1B2586920004B5F4 /* IQSegmentedNextPrevious */ = {
			isa = PBXGroup;
			children = (
				EAE222BB1B2586920004B5F4 /* IQSegmentedNextPrevious.h */,
				EAE222BC1B2586920004B5F4 /* IQSegmentedNextPrevious.m */,
			);
			path = IQSegmentedNextPrevious;
			sourceTree = "<group>";
		};
		EAE222BD1B2586920004B5F4 /* IQTextView */ = {
			isa = PBXGroup;
			children = (
				EAE222BE1B2586920004B5F4 /* IQTextView.h */,
				EAE222BF1B2586920004B5F4 /* IQTextView.m */,
			);
			path = IQTextView;
			sourceTree = "<group>";
		};
		EAE222C01B2586920004B5F4 /* IQToolbar */ = {
			isa = PBXGroup;
			children = (
				EAE222C11B2586920004B5F4 /* IQBarButtonItem.h */,
				EAE222C21B2586920004B5F4 /* IQBarButtonItem.m */,
				EAE222C31B2586920004B5F4 /* IQTitleBarButtonItem.h */,
				EAE222C41B2586920004B5F4 /* IQTitleBarButtonItem.m */,
				EAE222C51B2586920004B5F4 /* IQToolbar.h */,
				EAE222C61B2586920004B5F4 /* IQToolbar.m */,
				EAE222C71B2586920004B5F4 /* IQUIView+IQKeyboardToolbar.h */,
				EAE222C81B2586920004B5F4 /* IQUIView+IQKeyboardToolbar.m */,
			);
			path = IQToolbar;
			sourceTree = "<group>";
		};
		EAE222CA1B2586920004B5F4 /* Resources */ = {
			isa = PBXGroup;
			children = (
				EAE222CB1B2586920004B5F4 /* IQKeyboardManager.bundle */,
			);
			path = Resources;
			sourceTree = "<group>";
		};
		EAE222D91B25870A0004B5F4 /* ZZPackage */ = {
			isa = PBXGroup;
			children = (
				EAE2218D1B25811F0004B5F4 /* ZZUIFactory.h */,
				EAE2218E1B25811F0004B5F4 /* ZZUIFactory.m */,
				EAE222341B2583C70004B5F4 /* ZZNetWorking.h */,
				EAE222351B2583C70004B5F4 /* ZZNetWorking.m */,
				EAE222DA1B2587240004B5F4 /* ZZDate.h */,
				EAE222DB1B2587240004B5F4 /* ZZDate.m */,
				EAE222DD1B2587990004B5F4 /* ZZLoadHtml.h */,
				EAE222DE1B2587990004B5F4 /* ZZLoadHtml.m */,
				EAE222E01B2587BD0004B5F4 /* ZZCache.h */,
				EAE222E11B2587BD0004B5F4 /* ZZCache.m */,
				EAE222EA1B258A070004B5F4 /* ZZNullManager.h */,
				EAE222EB1B258A070004B5F4 /* ZZNullManager.m */,
			);
			path = ZZPackage;
			sourceTree = "<group>";
		};
		EAE222E31B2588DA0004B5F4 /* ZZLocation */ = {
			isa = PBXGroup;
			children = (
				EAE222E41B25891D0004B5F4 /* ZZLocation.h */,
				EAE222E51B25891D0004B5F4 /* ZZLocation.m */,
				EAE222E71B25895F0004B5F4 /* ZZDistance.h */,
				EAE222E81B25895F0004B5F4 /* ZZDistance.m */,
			);
			path = ZZLocation;
			sourceTree = "<group>";
		};
		EAE222ED1B258B3A0004B5F4 /* HUD */ = {
			isa = PBXGroup;
			children = (
				EAE222EE1B258B710004B5F4 /* Toast+UIView.h */,
				EAE222EF1B258B710004B5F4 /* Toast+UIView.m */,
				EAE222F11B258BD10004B5F4 /* MBProgressHUD.h */,
				EAE222F21B258BD10004B5F4 /* MBProgressHUD.m */,
				EAE222F81B258C940004B5F4 /* ZZCustomHUD.h */,
				EAE222F91B258C940004B5F4 /* ZZCustomHUD.m */,
			);
			path = HUD;
			sourceTree = "<group>";
		};
		EAE222F41B258BE80004B5F4 /* iCarousel */ = {
			isa = PBXGroup;
			children = (
				EAE222F51B258BE80004B5F4 /* iCarousel.h */,
				EAE222F61B258BE80004B5F4 /* iCarousel.m */,
			);
			path = iCarousel;
			sourceTree = "<group>";
		};
		EAE222FB1B258D090004B5F4 /* ZZCustomButton */ = {
			isa = PBXGroup;
			children = (
			);
			path = ZZCustomButton;
			sourceTree = "<group>";
		};
/* End PBXGroup section */

/* Begin PBXNativeTarget section */
		EAE221571B257D620004B5F4 /* ZZFramework */ = {
			isa = PBXNativeTarget;
			buildConfigurationList = EAE2217B1B257D620004B5F4 /* Build configuration list for PBXNativeTarget "ZZFramework" */;
			buildPhases = (
				EAE221541B257D620004B5F4 /* Sources */,
				EAE221551B257D620004B5F4 /* Frameworks */,
				EAE221561B257D620004B5F4 /* Resources */,
			);
			buildRules = (
			);
			dependencies = (
			);
			name = ZZFramework;
			productName = ZZFramework;
			productReference = EAE221581B257D620004B5F4 /* ZZFramework.app */;
			productType = "com.apple.product-type.application";
		};
		EAE221701B257D620004B5F4 /* ZZFrameworkTests */ = {
			isa = PBXNativeTarget;
			buildConfigurationList = EAE2217E1B257D620004B5F4 /* Build configuration list for PBXNativeTarget "ZZFrameworkTests" */;
			buildPhases = (
				EAE2216D1B257D620004B5F4 /* Sources */,
				EAE2216E1B257D620004B5F4 /* Frameworks */,
				EAE2216F1B257D620004B5F4 /* Resources */,
			);
			buildRules = (
			);
			dependencies = (
				EAE221731B257D620004B5F4 /* PBXTargetDependency */,
			);
			name = ZZFrameworkTests;
			productName = ZZFrameworkTests;
			productReference = EAE221711B257D620004B5F4 /* ZZFrameworkTests.xctest */;
			productType = "com.apple.product-type.bundle.unit-test";
		};
/* End PBXNativeTarget section */

/* Begin PBXProject section */
		EAE221501B257D620004B5F4 /* Project object */ = {
			isa = PBXProject;
			attributes = {
				LastUpgradeCheck = 0630;
				ORGANIZATIONNAME = zzl;
				TargetAttributes = {
					EAE221571B257D620004B5F4 = {
						CreatedOnToolsVersion = 6.3;
					};
					EAE221701B257D620004B5F4 = {
						CreatedOnToolsVersion = 6.3;
						TestTargetID = EAE221571B257D620004B5F4;
					};
				};
			};
			buildConfigurationList = EAE221531B257D620004B5F4 /* Build configuration list for PBXProject "ZZFramework" */;
			compatibilityVersion = "Xcode 3.2";
			developmentRegion = English;
			hasScannedForEncodings = 0;
			knownRegions = (
				en,
				Base,
			);
			mainGroup = EAE2214F1B257D620004B5F4;
			productRefGroup = EAE221591B257D620004B5F4 /* Products */;
			projectDirPath = "";
			projectRoot = "";
			targets = (
				EAE221571B257D620004B5F4 /* ZZFramework */,
				EAE221701B257D620004B5F4 /* ZZFrameworkTests */,
			);
		};
/* End PBXProject section */

/* Begin PBXResourcesBuildPhase section */
		EAE221561B257D620004B5F4 /* Resources */ = {
			isa = PBXResourcesBuildPhase;
			buildActionMask = 2147483647;
			files = (
				EAE2216C1B257D620004B5F4 /* LaunchScreen.xib in Resources */,
				1C0BD80A1C27F87800904BEE /* take_photo_pic@2x.png in Resources */,
				1C0BD8011C27F87800904BEE /* camera_focus_pic.png in Resources */,
				1C0BD8031C27F87800904BEE /* flash_close_pic.png in Resources */,
				1CB6037C1C2A94D000A7142D /* scv3.jpg in Resources */,
				1CB6037A1C2A94D000A7142D /* scv1.jpg in Resources */,
				1C0BD8051C27F87800904BEE /* no_data.png in Resources */,
				1CB6037D1C2A94D000A7142D /* scv4.jpg in Resources */,
				1CB6037B1C2A94D000A7142D /* scv2.jpg in Resources */,
				EAE221691B257D620004B5F4 /* Images.xcassets in Resources */,
				1C0BD8081C27F87800904BEE /* select_yes.png in Resources */,
				1C0BD8021C27F87800904BEE /* change_camera_pic.png in Resources */,
				1C289E681B54E53900011A87 /* MJRefresh.bundle in Resources */,
				1C0BD8061C27F87800904BEE /* remove_btn_pic.png in Resources */,
				EAE222D71B2586920004B5F4 /* IQKeyboardManager.bundle in Resources */,
				1C1BC1F11C34FDE700F547A1 /* trash_btn_pic.png in Resources */,
				1C0BD8071C27F87800904BEE /* select_no.png in Resources */,
				1CB6037E1C2A94D000A7142D /* scv5.jpg in Resources */,
				1C0BD80B1C27F87800904BEE /* zz_alumb_rightCell.png in Resources */,
				1C0BD8091C27F87800904BEE /* take_photo_pic.png in Resources */,
				1C0BD8041C27F87800904BEE /* flash_open_pic.png in Resources */,
			);
			runOnlyForDeploymentPostprocessing = 0;
		};
		EAE2216F1B257D620004B5F4 /* Resources */ = {
			isa = PBXResourcesBuildPhase;
			buildActionMask = 2147483647;
			files = (
			);
			runOnlyForDeploymentPostprocessing = 0;
		};
/* End PBXResourcesBuildPhase section */

/* Begin PBXSourcesBuildPhase section */
		EAE221541B257D620004B5F4 /* Sources */ = {
			isa = PBXSourcesBuildPhase;
			buildActionMask = 2147483647;
			files = (
				EAE222CF1B2586920004B5F4 /* IQKeyboardManager.m in Sources */,
				EAE222D21B2586920004B5F4 /* IQTextView.m in Sources */,
				EAE2224C1B25847B0004B5F4 /* UIAlertView+AFNetworking.m in Sources */,
				EAE222AA1B25865D0004B5F4 /* UIView+WebCacheOperation.m in Sources */,
				EAE2224E1B25847B0004B5F4 /* UIImageView+AFNetworking.m in Sources */,
				1CB603711C2A91AF00A7142D /* ZZBrowserPickerViewController.m in Sources */,
				EAE222F01B258B710004B5F4 /* Toast+UIView.m in Sources */,
				EAE222F71B258BE80004B5F4 /* iCarousel.m in Sources */,
				1C0BD80C1C27F87800904BEE /* ZZCameraFocusView.m in Sources */,
				1C0BD80E1C27F87800904BEE /* ZZPhotoListCell.m in Sources */,
				1C0BD7FE1C27F87800904BEE /* ZZPhotoListViewController.m in Sources */,
				1CB603741C2A921B00A7142D /* ZZBrowserPickerCell.m in Sources */,
				EAE222E21B2587BD0004B5F4 /* ZZCache.m in Sources */,
				EAE222F31B258BD10004B5F4 /* MBProgressHUD.m in Sources */,
				EAE222CE1B2586920004B5F4 /* IQUIWindow+Hierarchy.m in Sources */,
				EAE222D01B2586920004B5F4 /* IQKeyboardReturnKeyHandler.m in Sources */,
				1C0BD7FF1C27F87800904BEE /* ZZPhotoPickerViewController.m in Sources */,
				1C289E641B54E53900011A87 /* MJRefreshBackStateFooter.m in Sources */,
				EAE222A91B25865D0004B5F4 /* UIImageView+WebCache.m in Sources */,
				EAE222741B2585430004B5F4 /* UIView+Rect.m in Sources */,
				1C0BD80F1C27F87800904BEE /* ZZPhotoPickerCell.m in Sources */,
				EAE2224D1B25847B0004B5F4 /* UIButton+AFNetworking.m in Sources */,
				EAE2229C1B25865D0004B5F4 /* NSData+ImageContentType.m in Sources */,
				EAE222D61B2586920004B5F4 /* IQUIView+IQKeyboardToolbar.m in Sources */,
				EAE221831B257D900004B5F4 /* ZZAppDelegate.m in Sources */,
				1C0BD8001C27F87800904BEE /* ZZPhotoDatas.m in Sources */,
				EAE2215E1B257D620004B5F4 /* main.m in Sources */,
				1C0BD7FC1C27F87800904BEE /* ZZCameraPickerViewController.m in Sources */,
				1C289E601B54E53900011A87 /* MJRefreshAutoNormalFooter.m in Sources */,
				EAE222A41B25865D0004B5F4 /* UIButton+WebCache.m in Sources */,
				EAE222A31B25865D0004B5F4 /* SDWebImagePrefetcher.m in Sources */,
				EAE222D41B2586920004B5F4 /* IQTitleBarButtonItem.m in Sources */,
				EAE222EC1B258A070004B5F4 /* ZZNullManager.m in Sources */,
				EAE2224A1B25847B0004B5F4 /* AFNetworkActivityIndicatorManager.m in Sources */,
				EAE222D11B2586920004B5F4 /* IQSegmentedNextPrevious.m in Sources */,
				EAE2226D1B25848B0004B5F4 /* AFURLResponseSerialization.m in Sources */,
				EAE2218F1B25811F0004B5F4 /* ZZUIFactory.m in Sources */,
				EAE222A81B25865D0004B5F4 /* UIImageView+HighlightedWebCache.m in Sources */,
				EAE222661B25848B0004B5F4 /* AFHTTPRequestOperation.m in Sources */,
				EAE2226B1B25848B0004B5F4 /* AFURLConnectionOperation.m in Sources */,
				1C289E691B54E53900011A87 /* MJRefreshConst.m in Sources */,
				EAE222DF1B2587990004B5F4 /* ZZLoadHtml.m in Sources */,
				EAE222D31B2586920004B5F4 /* IQBarButtonItem.m in Sources */,
				EAE222A21B25865D0004B5F4 /* SDWebImageManager.m in Sources */,
				1C289E5E1B54E53900011A87 /* MJRefreshHeader.m in Sources */,
				EAE222711B25852E0004B5F4 /* UIImage+Custom.m in Sources */,
				1C289E5A1B54E53900011A87 /* MJRefreshAutoFooter.m in Sources */,
				1C289E5B1B54E53900011A87 /* MJRefreshBackFooter.m in Sources */,
				EAE222671B25848B0004B5F4 /* AFHTTPRequestOperationManager.m in Sources */,
				EAE222E91B25895F0004B5F4 /* ZZDistance.m in Sources */,
				EAE222681B25848B0004B5F4 /* AFHTTPSessionManager.m in Sources */,
				1C289E6A1B54E53900011A87 /* UIScrollView+MJExtension.m in Sources */,
				1C289E671B54E53900011A87 /* MJRefreshStateHeader.m in Sources */,
				EAE222A51B25865D0004B5F4 /* UIImage+GIF.m in Sources */,
				1C289E5D1B54E53900011A87 /* MJRefreshFooter.m in Sources */,
				1C289E611B54E53900011A87 /* MJRefreshAutoStateFooter.m in Sources */,
				EAE222D51B2586920004B5F4 /* IQToolbar.m in Sources */,
				EAE2224B1B25847B0004B5F4 /* UIActivityIndicatorView+AFNetworking.m in Sources */,
				1C0BD80D1C27F87800904BEE /* ZZCameraPickerCell.m in Sources */,
				EAE222501B25847B0004B5F4 /* UIRefreshControl+AFNetworking.m in Sources */,
				EAE222FA1B258C940004B5F4 /* ZZCustomHUD.m in Sources */,
				1C289E6C1B54E53900011A87 /* UIView+MJExtension.m in Sources */,
				EAE222CC1B2586920004B5F4 /* IQNSArray+Sort.m in Sources */,
				EAE2226C1B25848B0004B5F4 /* AFURLRequestSerialization.m in Sources */,
				1C0BD7FB1C27F87800904BEE /* ZZCameraController.m in Sources */,
				1C289E631B54E53900011A87 /* MJRefreshBackNormalFooter.m in Sources */,
				EAE222A61B25865D0004B5F4 /* UIImage+MultiFormat.m in Sources */,
				EAE222A11B25865D0004B5F4 /* SDWebImageDownloaderOperation.m in Sources */,
				EAE2226E1B25848B0004B5F4 /* AFURLSessionManager.m in Sources */,
				1C289E6B1B54E53900011A87 /* UIScrollView+MJRefresh.m in Sources */,
				EAE2226A1B25848B0004B5F4 /* AFSecurityPolicy.m in Sources */,
				EAE2224F1B25847B0004B5F4 /* UIProgressView+AFNetworking.m in Sources */,
				1C1587F11C311722001B0E9C /* ZZBrowerAnimate.m in Sources */,
				EAE222511B25847B0004B5F4 /* UIWebView+AFNetworking.m in Sources */,
				EAE2229F1B25865D0004B5F4 /* SDWebImageDecoder.m in Sources */,
				EAE222A71B25865D0004B5F4 /* UIImage+WebP.m in Sources */,
				1C289E621B54E53900011A87 /* MJRefreshBackGifFooter.m in Sources */,
				1C289E5F1B54E53900011A87 /* MJRefreshAutoGifFooter.m in Sources */,
				EAE222CD1B2586920004B5F4 /* IQUIView+Hierarchy.m in Sources */,
				EAE2229E1B25865D0004B5F4 /* SDWebImageCompat.m in Sources */,
				1C289E5C1B54E53900011A87 /* MJRefreshComponent.m in Sources */,
				EAE222361B2583C70004B5F4 /* ZZNetWorking.m in Sources */,
				EAE222691B25848B0004B5F4 /* AFNetworkReachabilityManager.m in Sources */,
				1C289E651B54E53900011A87 /* MJRefreshGifHeader.m in Sources */,
				EAE222DC1B2587240004B5F4 /* ZZDate.m in Sources */,
				EAE222A01B25865D0004B5F4 /* SDWebImageDownloader.m in Sources */,
				EAE2229B1B25865D0004B5F4 /* MKAnnotationView+WebCache.m in Sources */,
				1C0BD7FD1C27F87800904BEE /* ZZPhotoController.m in Sources */,
				EAE222E61B25891D0004B5F4 /* ZZLocation.m in Sources */,
				1C289E661B54E53900011A87 /* MJRefreshNormalHeader.m in Sources */,
				1C1BC1EF1C34C69D00F547A1 /* ZZPageControl.m in Sources */,
				EAE222771B2585BD0004B5F4 /* Reachability.m in Sources */,
				EAE221861B257DF90004B5F4 /* ZZMainViewController.m in Sources */,
				EAE2229D1B25865D0004B5F4 /* SDImageCache.m in Sources */,
			);
			runOnlyForDeploymentPostprocessing = 0;
		};
		EAE2216D1B257D620004B5F4 /* Sources */ = {
			isa = PBXSourcesBuildPhase;
			buildActionMask = 2147483647;
			files = (
				EAE221781B257D620004B5F4 /* ZZFrameworkTests.m in Sources */,
			);
			runOnlyForDeploymentPostprocessing = 0;
		};
/* End PBXSourcesBuildPhase section */

/* Begin PBXTargetDependency section */
		EAE221731B257D620004B5F4 /* PBXTargetDependency */ = {
			isa = PBXTargetDependency;
			target = EAE221571B257D620004B5F4 /* ZZFramework */;
			targetProxy = EAE221721B257D620004B5F4 /* PBXContainerItemProxy */;
		};
/* End PBXTargetDependency section */

/* Begin PBXVariantGroup section */
		EAE2216A1B257D620004B5F4 /* LaunchScreen.xib */ = {
			isa = PBXVariantGroup;
			children = (
				EAE2216B1B257D620004B5F4 /* Base */,
			);
			name = LaunchScreen.xib;
			sourceTree = "<group>";
		};
/* End PBXVariantGroup section */

/* Begin XCBuildConfiguration section */
		EAE221791B257D620004B5F4 /* Debug */ = {
			isa = XCBuildConfiguration;
			buildSettings = {
				ALWAYS_SEARCH_USER_PATHS = NO;
				CLANG_CXX_LANGUAGE_STANDARD = "gnu++0x";
				CLANG_CXX_LIBRARY = "libc++";
				CLANG_ENABLE_MODULES = YES;
				CLANG_ENABLE_OBJC_ARC = YES;
				CLANG_WARN_BOOL_CONVERSION = YES;
				CLANG_WARN_CONSTANT_CONVERSION = YES;
				CLANG_WARN_DIRECT_OBJC_ISA_USAGE = YES_ERROR;
				CLANG_WARN_EMPTY_BODY = YES;
				CLANG_WARN_ENUM_CONVERSION = YES;
				CLANG_WARN_INT_CONVERSION = YES;
				CLANG_WARN_OBJC_ROOT_CLASS = YES_ERROR;
				CLANG_WARN_UNREACHABLE_CODE = YES;
				CLANG_WARN__DUPLICATE_METHOD_MATCH = YES;
				"CODE_SIGN_IDENTITY[sdk=iphoneos*]" = "iPhone Developer";
				COPY_PHASE_STRIP = NO;
				DEBUG_INFORMATION_FORMAT = "dwarf-with-dsym";
				ENABLE_STRICT_OBJC_MSGSEND = YES;
				GCC_C_LANGUAGE_STANDARD = gnu99;
				GCC_DYNAMIC_NO_PIC = NO;
				GCC_NO_COMMON_BLOCKS = YES;
				GCC_OPTIMIZATION_LEVEL = 0;
				GCC_PREPROCESSOR_DEFINITIONS = (
					"DEBUG=1",
					"$(inherited)",
				);
				GCC_SYMBOLS_PRIVATE_EXTERN = NO;
				GCC_WARN_64_TO_32_BIT_CONVERSION = YES;
				GCC_WARN_ABOUT_RETURN_TYPE = YES_ERROR;
				GCC_WARN_UNDECLARED_SELECTOR = YES;
				GCC_WARN_UNINITIALIZED_AUTOS = YES_AGGRESSIVE;
				GCC_WARN_UNUSED_FUNCTION = YES;
				GCC_WARN_UNUSED_VARIABLE = YES;
				IPHONEOS_DEPLOYMENT_TARGET = 8.3;
				MTL_ENABLE_DEBUG_INFO = YES;
				ONLY_ACTIVE_ARCH = YES;
				SDKROOT = iphoneos;
			};
			name = Debug;
		};
		EAE2217A1B257D620004B5F4 /* Release */ = {
			isa = XCBuildConfiguration;
			buildSettings = {
				ALWAYS_SEARCH_USER_PATHS = NO;
				CLANG_CXX_LANGUAGE_STANDARD = "gnu++0x";
				CLANG_CXX_LIBRARY = "libc++";
				CLANG_ENABLE_MODULES = YES;
				CLANG_ENABLE_OBJC_ARC = YES;
				CLANG_WARN_BOOL_CONVERSION = YES;
				CLANG_WARN_CONSTANT_CONVERSION = YES;
				CLANG_WARN_DIRECT_OBJC_ISA_USAGE = YES_ERROR;
				CLANG_WARN_EMPTY_BODY = YES;
				CLANG_WARN_ENUM_CONVERSION = YES;
				CLANG_WARN_INT_CONVERSION = YES;
				CLANG_WARN_OBJC_ROOT_CLASS = YES_ERROR;
				CLANG_WARN_UNREACHABLE_CODE = YES;
				CLANG_WARN__DUPLICATE_METHOD_MATCH = YES;
				"CODE_SIGN_IDENTITY[sdk=iphoneos*]" = "iPhone Developer";
				COPY_PHASE_STRIP = NO;
				DEBUG_INFORMATION_FORMAT = "dwarf-with-dsym";
				ENABLE_NS_ASSERTIONS = NO;
				ENABLE_STRICT_OBJC_MSGSEND = YES;
				GCC_C_LANGUAGE_STANDARD = gnu99;
				GCC_NO_COMMON_BLOCKS = YES;
				GCC_WARN_64_TO_32_BIT_CONVERSION = YES;
				GCC_WARN_ABOUT_RETURN_TYPE = YES_ERROR;
				GCC_WARN_UNDECLARED_SELECTOR = YES;
				GCC_WARN_UNINITIALIZED_AUTOS = YES_AGGRESSIVE;
				GCC_WARN_UNUSED_FUNCTION = YES;
				GCC_WARN_UNUSED_VARIABLE = YES;
				IPHONEOS_DEPLOYMENT_TARGET = 8.3;
				MTL_ENABLE_DEBUG_INFO = NO;
				SDKROOT = iphoneos;
				VALIDATE_PRODUCT = YES;
			};
			name = Release;
		};
		EAE2217C1B257D620004B5F4 /* Debug */ = {
			isa = XCBuildConfiguration;
			buildSettings = {
				ASSETCATALOG_COMPILER_APPICON_NAME = AppIcon;
				GCC_PREFIX_HEADER = "ZZFramework/zzframework-Prefix.pch";
				INFOPLIST_FILE = ZZFramework/Info.plist;
				IPHONEOS_DEPLOYMENT_TARGET = 9.2;
				LD_RUNPATH_SEARCH_PATHS = "$(inherited) @executable_path/Frameworks";
				PRODUCT_NAME = "$(TARGET_NAME)";
			};
			name = Debug;
		};
		EAE2217D1B257D620004B5F4 /* Release */ = {
			isa = XCBuildConfiguration;
			buildSettings = {
				ASSETCATALOG_COMPILER_APPICON_NAME = AppIcon;
				GCC_PREFIX_HEADER = "ZZFramework/zzframework-Prefix.pch";
				INFOPLIST_FILE = ZZFramework/Info.plist;
				IPHONEOS_DEPLOYMENT_TARGET = 9.2;
				LD_RUNPATH_SEARCH_PATHS = "$(inherited) @executable_path/Frameworks";
				PRODUCT_NAME = "$(TARGET_NAME)";
			};
			name = Release;
		};
		EAE2217F1B257D620004B5F4 /* Debug */ = {
			isa = XCBuildConfiguration;
			buildSettings = {
				BUNDLE_LOADER = "$(TEST_HOST)";
				FRAMEWORK_SEARCH_PATHS = (
					"$(SDKROOT)/Developer/Library/Frameworks",
					"$(inherited)",
				);
				GCC_PREPROCESSOR_DEFINITIONS = (
					"DEBUG=1",
					"$(inherited)",
				);
				INFOPLIST_FILE = ZZFrameworkTests/Info.plist;
				LD_RUNPATH_SEARCH_PATHS = "$(inherited) @executable_path/Frameworks @loader_path/Frameworks";
				PRODUCT_NAME = "$(TARGET_NAME)";
				TEST_HOST = "$(BUILT_PRODUCTS_DIR)/ZZFramework.app/ZZFramework";
			};
			name = Debug;
		};
		EAE221801B257D620004B5F4 /* Release */ = {
			isa = XCBuildConfiguration;
			buildSettings = {
				BUNDLE_LOADER = "$(TEST_HOST)";
				FRAMEWORK_SEARCH_PATHS = (
					"$(SDKROOT)/Developer/Library/Frameworks",
					"$(inherited)",
				);
				INFOPLIST_FILE = ZZFrameworkTests/Info.plist;
				LD_RUNPATH_SEARCH_PATHS = "$(inherited) @executable_path/Frameworks @loader_path/Frameworks";
				PRODUCT_NAME = "$(TARGET_NAME)";
				TEST_HOST = "$(BUILT_PRODUCTS_DIR)/ZZFramework.app/ZZFramework";
			};
			name = Release;
		};
/* End XCBuildConfiguration section */

/* Begin XCConfigurationList section */
		EAE221531B257D620004B5F4 /* Build configuration list for PBXProject "ZZFramework" */ = {
			isa = XCConfigurationList;
			buildConfigurations = (
				EAE221791B257D620004B5F4 /* Debug */,
				EAE2217A1B257D620004B5F4 /* Release */,
			);
			defaultConfigurationIsVisible = 0;
			defaultConfigurationName = Release;
		};
		EAE2217B1B257D620004B5F4 /* Build configuration list for PBXNativeTarget "ZZFramework" */ = {
			isa = XCConfigurationList;
			buildConfigurations = (
				EAE2217C1B257D620004B5F4 /* Debug */,
				EAE2217D1B257D620004B5F4 /* Release */,
			);
			defaultConfigurationIsVisible = 0;
			defaultConfigurationName = Release;
		};
		EAE2217E1B257D620004B5F4 /* Build configuration list for PBXNativeTarget "ZZFrameworkTests" */ = {
			isa = XCConfigurationList;
			buildConfigurations = (
				EAE2217F1B257D620004B5F4 /* Debug */,
				EAE221801B257D620004B5F4 /* Release */,
			);
			defaultConfigurationIsVisible = 0;
			defaultConfigurationName = Release;
		};
/* End XCConfigurationList section */
	};
	rootObject = EAE221501B257D620004B5F4 /* Project object */;
}
